// !$*UTF8*$!
{
	archiveVersion = 1;
	classes = {
	};
	objectVersion = 56;
	objects = {

/* Begin PBXBuildFile section */
		88A9C01C2B1B3F5A005FE035 /* AppDelegate.swift in Sources */ = {isa = PBXBuildFile; fileRef = 88A9C01B2B1B3F5A005FE035 /* AppDelegate.swift */; };
		88A9C01E2B1B3F5A005FE035 /* SceneDelegate.swift in Sources */ = {isa = PBXBuildFile; fileRef = 88A9C01D2B1B3F5A005FE035 /* SceneDelegate.swift */; };
		88A9C0282B1B3F63005FE035 /* LaunchScreen.storyboard in Resources */ = {isa = PBXBuildFile; fileRef = 88A9C0262B1B3F63005FE035 /* LaunchScreen.storyboard */; };
		88A9C0332B1B3F64005FE035 /* F1_DataTests.swift in Sources */ = {isa = PBXBuildFile; fileRef = 88A9C0322B1B3F64005FE035 /* F1_DataTests.swift */; };
		88A9C03D2B1B3F64005FE035 /* F1_DataUITests.swift in Sources */ = {isa = PBXBuildFile; fileRef = 88A9C03C2B1B3F64005FE035 /* F1_DataUITests.swift */; };
		88A9C03F2B1B3F64005FE035 /* F1_DataUITestsLaunchTests.swift in Sources */ = {isa = PBXBuildFile; fileRef = 88A9C03E2B1B3F64005FE035 /* F1_DataUITestsLaunchTests.swift */; };
		88A9C04D2B1B3FC1005FE035 /* Cartography in Frameworks */ = {isa = PBXBuildFile; productRef = 88A9C04C2B1B3FC1005FE035 /* Cartography */; };
		88A9C0502B1B3FE5005FE035 /* Alamofire in Frameworks */ = {isa = PBXBuildFile; productRef = 88A9C04F2B1B3FE5005FE035 /* Alamofire */; };
		88A9C0532B1B4037005FE035 /* SeasonRacesListingViewController.swift in Sources */ = {isa = PBXBuildFile; fileRef = 88A9C0522B1B4037005FE035 /* SeasonRacesListingViewController.swift */; };
		88A9C0552B1B403F005FE035 /* SeasonRacesListingViewModel.swift in Sources */ = {isa = PBXBuildFile; fileRef = 88A9C0542B1B403F005FE035 /* SeasonRacesListingViewModel.swift */; };
		88A9C0572B1B4046005FE035 /* SeasonRacesListingComponent.swift in Sources */ = {isa = PBXBuildFile; fileRef = 88A9C0562B1B4046005FE035 /* SeasonRacesListingComponent.swift */; };
		88A9C09C2B1B4536005FE035 /* SeasonRacesListingFeature.swift in Sources */ = {isa = PBXBuildFile; fileRef = 88A9C09B2B1B4536005FE035 /* SeasonRacesListingFeature.swift */; };
/* End PBXBuildFile section */

/* Begin PBXContainerItemProxy section */
		88A9C02F2B1B3F64005FE035 /* PBXContainerItemProxy */ = {
			isa = PBXContainerItemProxy;
			containerPortal = 88A9C0102B1B3F59005FE035 /* Project object */;
			proxyType = 1;
			remoteGlobalIDString = 88A9C0172B1B3F5A005FE035;
			remoteInfo = "F1 Data";
		};
		88A9C0392B1B3F64005FE035 /* PBXContainerItemProxy */ = {
			isa = PBXContainerItemProxy;
			containerPortal = 88A9C0102B1B3F59005FE035 /* Project object */;
			proxyType = 1;
			remoteGlobalIDString = 88A9C0172B1B3F5A005FE035;
			remoteInfo = "F1 Data";
		};
/* End PBXContainerItemProxy section */

/* Begin PBXCopyFilesBuildPhase section */
		88A9C0812B1B443C005FE035 /* Embed Frameworks */ = {
			isa = PBXCopyFilesBuildPhase;
			buildActionMask = 2147483647;
			dstPath = "";
			dstSubfolderSpec = 10;
			files = (
			);
			name = "Embed Frameworks";
			runOnlyForDeploymentPostprocessing = 0;
		};
/* End PBXCopyFilesBuildPhase section */

/* Begin PBXFileReference section */
		88A9C0182B1B3F5A005FE035 /* F1 Data.app */ = {isa = PBXFileReference; explicitFileType = wrapper.application; includeInIndex = 0; path = "F1 Data.app"; sourceTree = BUILT_PRODUCTS_DIR; };
		88A9C01B2B1B3F5A005FE035 /* AppDelegate.swift */ = {isa = PBXFileReference; lastKnownFileType = sourcecode.swift; path = AppDelegate.swift; sourceTree = "<group>"; };
		88A9C01D2B1B3F5A005FE035 /* SceneDelegate.swift */ = {isa = PBXFileReference; lastKnownFileType = sourcecode.swift; path = SceneDelegate.swift; sourceTree = "<group>"; };
		88A9C0272B1B3F63005FE035 /* Base */ = {isa = PBXFileReference; lastKnownFileType = file.storyboard; name = Base; path = Base.lproj/LaunchScreen.storyboard; sourceTree = "<group>"; };
		88A9C0292B1B3F63005FE035 /* Info.plist */ = {isa = PBXFileReference; lastKnownFileType = text.plist.xml; path = Info.plist; sourceTree = "<group>"; };
		88A9C02E2B1B3F64005FE035 /* F1 DataTests.xctest */ = {isa = PBXFileReference; explicitFileType = wrapper.cfbundle; includeInIndex = 0; path = "F1 DataTests.xctest"; sourceTree = BUILT_PRODUCTS_DIR; };
		88A9C0322B1B3F64005FE035 /* F1_DataTests.swift */ = {isa = PBXFileReference; lastKnownFileType = sourcecode.swift; path = F1_DataTests.swift; sourceTree = "<group>"; };
		88A9C0382B1B3F64005FE035 /* F1 DataUITests.xctest */ = {isa = PBXFileReference; explicitFileType = wrapper.cfbundle; includeInIndex = 0; path = "F1 DataUITests.xctest"; sourceTree = BUILT_PRODUCTS_DIR; };
		88A9C03C2B1B3F64005FE035 /* F1_DataUITests.swift */ = {isa = PBXFileReference; lastKnownFileType = sourcecode.swift; path = F1_DataUITests.swift; sourceTree = "<group>"; };
		88A9C03E2B1B3F64005FE035 /* F1_DataUITestsLaunchTests.swift */ = {isa = PBXFileReference; lastKnownFileType = sourcecode.swift; path = F1_DataUITestsLaunchTests.swift; sourceTree = "<group>"; };
		88A9C0522B1B4037005FE035 /* SeasonRacesListingViewController.swift */ = {isa = PBXFileReference; lastKnownFileType = sourcecode.swift; path = SeasonRacesListingViewController.swift; sourceTree = "<group>"; };
		88A9C0542B1B403F005FE035 /* SeasonRacesListingViewModel.swift */ = {isa = PBXFileReference; lastKnownFileType = sourcecode.swift; path = SeasonRacesListingViewModel.swift; sourceTree = "<group>"; };
		88A9C0562B1B4046005FE035 /* SeasonRacesListingComponent.swift */ = {isa = PBXFileReference; lastKnownFileType = sourcecode.swift; path = SeasonRacesListingComponent.swift; sourceTree = "<group>"; };
		88A9C09B2B1B4536005FE035 /* SeasonRacesListingFeature.swift */ = {isa = PBXFileReference; lastKnownFileType = sourcecode.swift; path = SeasonRacesListingFeature.swift; sourceTree = "<group>"; };
/* End PBXFileReference section */

/* Begin PBXFrameworksBuildPhase section */
		88A9C0152B1B3F5A005FE035 /* Frameworks */ = {
			isa = PBXFrameworksBuildPhase;
			buildActionMask = 2147483647;
			files = (
				88A9C04D2B1B3FC1005FE035 /* Cartography in Frameworks */,
				88A9C0502B1B3FE5005FE035 /* Alamofire in Frameworks */,
			);
			runOnlyForDeploymentPostprocessing = 0;
		};
		88A9C02B2B1B3F64005FE035 /* Frameworks */ = {
			isa = PBXFrameworksBuildPhase;
			buildActionMask = 2147483647;
			files = (
			);
			runOnlyForDeploymentPostprocessing = 0;
		};
		88A9C0352B1B3F64005FE035 /* Frameworks */ = {
			isa = PBXFrameworksBuildPhase;
			buildActionMask = 2147483647;
			files = (
			);
			runOnlyForDeploymentPostprocessing = 0;
		};
/* End PBXFrameworksBuildPhase section */

/* Begin PBXGroup section */
		88A9C00F2B1B3F59005FE035 = {
			isa = PBXGroup;
			children = (
				88A9C01A2B1B3F5A005FE035 /* F1 Data */,
				88A9C0312B1B3F64005FE035 /* F1 DataTests */,
				88A9C03B2B1B3F64005FE035 /* F1 DataUITests */,
				88A9C0192B1B3F5A005FE035 /* Products */,
				88A9C0752B1B43FF005FE035 /* Frameworks */,
			);
			sourceTree = "<group>";
		};
		88A9C0192B1B3F5A005FE035 /* Products */ = {
			isa = PBXGroup;
			children = (
				88A9C0182B1B3F5A005FE035 /* F1 Data.app */,
				88A9C02E2B1B3F64005FE035 /* F1 DataTests.xctest */,
				88A9C0382B1B3F64005FE035 /* F1 DataUITests.xctest */,
			);
			name = Products;
			sourceTree = "<group>";
		};
		88A9C01A2B1B3F5A005FE035 /* F1 Data */ = {
			isa = PBXGroup;
			children = (
				88A9C05D2B1B4101005FE035 /* F1 Data */,
				88A9C0512B1B4029005FE035 /* SeasonRacesListing */,
			);
			path = "F1 Data";
			sourceTree = "<group>";
		};
		88A9C0312B1B3F64005FE035 /* F1 DataTests */ = {
			isa = PBXGroup;
			children = (
				88A9C0322B1B3F64005FE035 /* F1_DataTests.swift */,
			);
			path = "F1 DataTests";
			sourceTree = "<group>";
		};
		88A9C03B2B1B3F64005FE035 /* F1 DataUITests */ = {
			isa = PBXGroup;
			children = (
				88A9C03C2B1B3F64005FE035 /* F1_DataUITests.swift */,
				88A9C03E2B1B3F64005FE035 /* F1_DataUITestsLaunchTests.swift */,
			);
			path = "F1 DataUITests";
			sourceTree = "<group>";
		};
		88A9C0512B1B4029005FE035 /* SeasonRacesListing */ = {
			isa = PBXGroup;
			children = (
				88A9C0522B1B4037005FE035 /* SeasonRacesListingViewController.swift */,
				88A9C0542B1B403F005FE035 /* SeasonRacesListingViewModel.swift */,
				88A9C0562B1B4046005FE035 /* SeasonRacesListingComponent.swift */,
				88A9C09B2B1B4536005FE035 /* SeasonRacesListingFeature.swift */,
			);
			path = SeasonRacesListing;
			sourceTree = "<group>";
		};
		88A9C05D2B1B4101005FE035 /* F1 Data */ = {
			isa = PBXGroup;
			children = (
				88A9C01B2B1B3F5A005FE035 /* AppDelegate.swift */,
				88A9C01D2B1B3F5A005FE035 /* SceneDelegate.swift */,
				88A9C0262B1B3F63005FE035 /* LaunchScreen.storyboard */,
				88A9C0292B1B3F63005FE035 /* Info.plist */,
			);
			path = "F1 Data";
			sourceTree = "<group>";
		};
		88A9C0752B1B43FF005FE035 /* Frameworks */ = {
			isa = PBXGroup;
			children = (
			);
			name = Frameworks;
			sourceTree = "<group>";
		};
/* End PBXGroup section */

/* Begin PBXNativeTarget section */
		88A9C0172B1B3F5A005FE035 /* F1 Data */ = {
			isa = PBXNativeTarget;
			buildConfigurationList = 88A9C0422B1B3F64005FE035 /* Build configuration list for PBXNativeTarget "F1 Data" */;
			buildPhases = (
				88A9C0142B1B3F5A005FE035 /* Sources */,
				88A9C0152B1B3F5A005FE035 /* Frameworks */,
				88A9C0162B1B3F5A005FE035 /* Resources */,
				88A9C0812B1B443C005FE035 /* Embed Frameworks */,
			);
			buildRules = (
			);
			dependencies = (
			);
			name = "F1 Data";
			packageProductDependencies = (
				88A9C04C2B1B3FC1005FE035 /* Cartography */,
				88A9C04F2B1B3FE5005FE035 /* Alamofire */,
			);
			productName = "F1 Data";
			productReference = 88A9C0182B1B3F5A005FE035 /* F1 Data.app */;
			productType = "com.apple.product-type.application";
		};
		88A9C02D2B1B3F64005FE035 /* F1 DataTests */ = {
			isa = PBXNativeTarget;
			buildConfigurationList = 88A9C0452B1B3F64005FE035 /* Build configuration list for PBXNativeTarget "F1 DataTests" */;
			buildPhases = (
				88A9C02A2B1B3F64005FE035 /* Sources */,
				88A9C02B2B1B3F64005FE035 /* Frameworks */,
				88A9C02C2B1B3F64005FE035 /* Resources */,
			);
			buildRules = (
			);
			dependencies = (
				88A9C0302B1B3F64005FE035 /* PBXTargetDependency */,
			);
			name = "F1 DataTests";
			productName = "F1 DataTests";
			productReference = 88A9C02E2B1B3F64005FE035 /* F1 DataTests.xctest */;
			productType = "com.apple.product-type.bundle.unit-test";
		};
		88A9C0372B1B3F64005FE035 /* F1 DataUITests */ = {
			isa = PBXNativeTarget;
			buildConfigurationList = 88A9C0482B1B3F64005FE035 /* Build configuration list for PBXNativeTarget "F1 DataUITests" */;
			buildPhases = (
				88A9C0342B1B3F64005FE035 /* Sources */,
				88A9C0352B1B3F64005FE035 /* Frameworks */,
				88A9C0362B1B3F64005FE035 /* Resources */,
			);
			buildRules = (
			);
			dependencies = (
				88A9C03A2B1B3F64005FE035 /* PBXTargetDependency */,
			);
			name = "F1 DataUITests";
			productName = "F1 DataUITests";
			productReference = 88A9C0382B1B3F64005FE035 /* F1 DataUITests.xctest */;
			productType = "com.apple.product-type.bundle.ui-testing";
		};
/* End PBXNativeTarget section */

/* Begin PBXProject section */
		88A9C0102B1B3F59005FE035 /* Project object */ = {
			isa = PBXProject;
			attributes = {
				BuildIndependentTargetsInParallel = 1;
				LastSwiftUpdateCheck = 1430;
				LastUpgradeCheck = 1430;
				TargetAttributes = {
					88A9C0172B1B3F5A005FE035 = {
						CreatedOnToolsVersion = 14.3;
					};
					88A9C02D2B1B3F64005FE035 = {
						CreatedOnToolsVersion = 14.3;
						TestTargetID = 88A9C0172B1B3F5A005FE035;
					};
					88A9C0372B1B3F64005FE035 = {
						CreatedOnToolsVersion = 14.3;
						TestTargetID = 88A9C0172B1B3F5A005FE035;
					};
				};
			};
			buildConfigurationList = 88A9C0132B1B3F59005FE035 /* Build configuration list for PBXProject "F1 Data" */;
			compatibilityVersion = "Xcode 14.0";
			developmentRegion = en;
			hasScannedForEncodings = 0;
			knownRegions = (
				en,
				Base,
			);
			mainGroup = 88A9C00F2B1B3F59005FE035;
			packageReferences = (
				88A9C04B2B1B3FC1005FE035 /* XCRemoteSwiftPackageReference "Cartography" */,
				88A9C04E2B1B3FE5005FE035 /* XCRemoteSwiftPackageReference "Alamofire" */,
			);
			productRefGroup = 88A9C0192B1B3F5A005FE035 /* Products */;
			projectDirPath = "";
			projectRoot = "";
			targets = (
				88A9C0172B1B3F5A005FE035 /* F1 Data */,
				88A9C02D2B1B3F64005FE035 /* F1 DataTests */,
				88A9C0372B1B3F64005FE035 /* F1 DataUITests */,
			);
		};
/* End PBXProject section */

/* Begin PBXResourcesBuildPhase section */
		88A9C0162B1B3F5A005FE035 /* Resources */ = {
			isa = PBXResourcesBuildPhase;
			buildActionMask = 2147483647;
			files = (
				88A9C0282B1B3F63005FE035 /* LaunchScreen.storyboard in Resources */,
			);
			runOnlyForDeploymentPostprocessing = 0;
		};
		88A9C02C2B1B3F64005FE035 /* Resources */ = {
			isa = PBXResourcesBuildPhase;
			buildActionMask = 2147483647;
			files = (
			);
			runOnlyForDeploymentPostprocessing = 0;
		};
		88A9C0362B1B3F64005FE035 /* Resources */ = {
			isa = PBXResourcesBuildPhase;
			buildActionMask = 2147483647;
			files = (
			);
			runOnlyForDeploymentPostprocessing = 0;
		};
/* End PBXResourcesBuildPhase section */

/* Begin PBXSourcesBuildPhase section */
		88A9C0142B1B3F5A005FE035 /* Sources */ = {
			isa = PBXSourcesBuildPhase;
			buildActionMask = 2147483647;
			files = (
				88A9C01C2B1B3F5A005FE035 /* AppDelegate.swift in Sources */,
				88A9C0552B1B403F005FE035 /* SeasonRacesListingViewModel.swift in Sources */,
				88A9C01E2B1B3F5A005FE035 /* SceneDelegate.swift in Sources */,
				88A9C0572B1B4046005FE035 /* SeasonRacesListingComponent.swift in Sources */,
				88A9C0532B1B4037005FE035 /* SeasonRacesListingViewController.swift in Sources */,
				88A9C09C2B1B4536005FE035 /* SeasonRacesListingFeature.swift in Sources */,
			);
			runOnlyForDeploymentPostprocessing = 0;
		};
		88A9C02A2B1B3F64005FE035 /* Sources */ = {
			isa = PBXSourcesBuildPhase;
			buildActionMask = 2147483647;
			files = (
				88A9C0332B1B3F64005FE035 /* F1_DataTests.swift in Sources */,
			);
			runOnlyForDeploymentPostprocessing = 0;
		};
		88A9C0342B1B3F64005FE035 /* Sources */ = {
			isa = PBXSourcesBuildPhase;
			buildActionMask = 2147483647;
			files = (
				88A9C03D2B1B3F64005FE035 /* F1_DataUITests.swift in Sources */,
				88A9C03F2B1B3F64005FE035 /* F1_DataUITestsLaunchTests.swift in Sources */,
			);
			runOnlyForDeploymentPostprocessing = 0;
		};
/* End PBXSourcesBuildPhase section */

/* Begin PBXTargetDependency section */
		88A9C0302B1B3F64005FE035 /* PBXTargetDependency */ = {
			isa = PBXTargetDependency;
			target = 88A9C0172B1B3F5A005FE035 /* F1 Data */;
			targetProxy = 88A9C02F2B1B3F64005FE035 /* PBXContainerItemProxy */;
		};
		88A9C03A2B1B3F64005FE035 /* PBXTargetDependency */ = {
			isa = PBXTargetDependency;
			target = 88A9C0172B1B3F5A005FE035 /* F1 Data */;
			targetProxy = 88A9C0392B1B3F64005FE035 /* PBXContainerItemProxy */;
		};
/* End PBXTargetDependency section */

/* Begin PBXVariantGroup section */
		88A9C0262B1B3F63005FE035 /* LaunchScreen.storyboard */ = {
			isa = PBXVariantGroup;
			children = (
				88A9C0272B1B3F63005FE035 /* Base */,
			);
			name = LaunchScreen.storyboard;
			sourceTree = "<group>";
		};
/* End PBXVariantGroup section */

/* Begin XCBuildConfiguration section */
		88A9C0402B1B3F64005FE035 /* Debug */ = {
			isa = XCBuildConfiguration;
			buildSettings = {
				ALWAYS_SEARCH_USER_PATHS = NO;
				CLANG_ANALYZER_NONNULL = YES;
				CLANG_ANALYZER_NUMBER_OBJECT_CONVERSION = YES_AGGRESSIVE;
				CLANG_CXX_LANGUAGE_STANDARD = "gnu++20";
				CLANG_ENABLE_MODULES = YES;
				CLANG_ENABLE_OBJC_ARC = YES;
				CLANG_ENABLE_OBJC_WEAK = YES;
				CLANG_WARN_BLOCK_CAPTURE_AUTORELEASING = YES;
				CLANG_WARN_BOOL_CONVERSION = YES;
				CLANG_WARN_COMMA = YES;
				CLANG_WARN_CONSTANT_CONVERSION = YES;
				CLANG_WARN_DEPRECATED_OBJC_IMPLEMENTATIONS = YES;
				CLANG_WARN_DIRECT_OBJC_ISA_USAGE = YES_ERROR;
				CLANG_WARN_DOCUMENTATION_COMMENTS = YES;
				CLANG_WARN_EMPTY_BODY = YES;
				CLANG_WARN_ENUM_CONVERSION = YES;
				CLANG_WARN_INFINITE_RECURSION = YES;
				CLANG_WARN_INT_CONVERSION = YES;
				CLANG_WARN_NON_LITERAL_NULL_CONVERSION = YES;
				CLANG_WARN_OBJC_IMPLICIT_RETAIN_SELF = YES;
				CLANG_WARN_OBJC_LITERAL_CONVERSION = YES;
				CLANG_WARN_OBJC_ROOT_CLASS = YES_ERROR;
				CLANG_WARN_QUOTED_INCLUDE_IN_FRAMEWORK_HEADER = YES;
				CLANG_WARN_RANGE_LOOP_ANALYSIS = YES;
				CLANG_WARN_STRICT_PROTOTYPES = YES;
				CLANG_WARN_SUSPICIOUS_MOVE = YES;
				CLANG_WARN_UNGUARDED_AVAILABILITY = YES_AGGRESSIVE;
				CLANG_WARN_UNREACHABLE_CODE = YES;
				CLANG_WARN__DUPLICATE_METHOD_MATCH = YES;
				COPY_PHASE_STRIP = NO;
				DEBUG_INFORMATION_FORMAT = dwarf;
				ENABLE_STRICT_OBJC_MSGSEND = YES;
				ENABLE_TESTABILITY = YES;
				GCC_C_LANGUAGE_STANDARD = gnu11;
				GCC_DYNAMIC_NO_PIC = NO;
				GCC_NO_COMMON_BLOCKS = YES;
				GCC_OPTIMIZATION_LEVEL = 0;
				GCC_PREPROCESSOR_DEFINITIONS = (
					"DEBUG=1",
					"$(inherited)",
				);
				GCC_WARN_64_TO_32_BIT_CONVERSION = YES;
				GCC_WARN_ABOUT_RETURN_TYPE = YES_ERROR;
				GCC_WARN_UNDECLARED_SELECTOR = YES;
				GCC_WARN_UNINITIALIZED_AUTOS = YES_AGGRESSIVE;
				GCC_WARN_UNUSED_FUNCTION = YES;
				GCC_WARN_UNUSED_VARIABLE = YES;
				IPHONEOS_DEPLOYMENT_TARGET = 16.4;
				MTL_ENABLE_DEBUG_INFO = INCLUDE_SOURCE;
				MTL_FAST_MATH = YES;
				ONLY_ACTIVE_ARCH = YES;
				SDKROOT = iphoneos;
				SWIFT_ACTIVE_COMPILATION_CONDITIONS = DEBUG;
				SWIFT_OPTIMIZATION_LEVEL = "-Onone";
			};
			name = Debug;
		};
		88A9C0412B1B3F64005FE035 /* Release */ = {
			isa = XCBuildConfiguration;
			buildSettings = {
				ALWAYS_SEARCH_USER_PATHS = NO;
				CLANG_ANALYZER_NONNULL = YES;
				CLANG_ANALYZER_NUMBER_OBJECT_CONVERSION = YES_AGGRESSIVE;
				CLANG_CXX_LANGUAGE_STANDARD = "gnu++20";
				CLANG_ENABLE_MODULES = YES;
				CLANG_ENABLE_OBJC_ARC = YES;
				CLANG_ENABLE_OBJC_WEAK = YES;
				CLANG_WARN_BLOCK_CAPTURE_AUTORELEASING = YES;
				CLANG_WARN_BOOL_CONVERSION = YES;
				CLANG_WARN_COMMA = YES;
				CLANG_WARN_CONSTANT_CONVERSION = YES;
				CLANG_WARN_DEPRECATED_OBJC_IMPLEMENTATIONS = YES;
				CLANG_WARN_DIRECT_OBJC_ISA_USAGE = YES_ERROR;
				CLANG_WARN_DOCUMENTATION_COMMENTS = YES;
				CLANG_WARN_EMPTY_BODY = YES;
				CLANG_WARN_ENUM_CONVERSION = YES;
				CLANG_WARN_INFINITE_RECURSION = YES;
				CLANG_WARN_INT_CONVERSION = YES;
				CLANG_WARN_NON_LITERAL_NULL_CONVERSION = YES;
				CLANG_WARN_OBJC_IMPLICIT_RETAIN_SELF = YES;
				CLANG_WARN_OBJC_LITERAL_CONVERSION = YES;
				CLANG_WARN_OBJC_ROOT_CLASS = YES_ERROR;
				CLANG_WARN_QUOTED_INCLUDE_IN_FRAMEWORK_HEADER = YES;
				CLANG_WARN_RANGE_LOOP_ANALYSIS = YES;
				CLANG_WARN_STRICT_PROTOTYPES = YES;
				CLANG_WARN_SUSPICIOUS_MOVE = YES;
				CLANG_WARN_UNGUARDED_AVAILABILITY = YES_AGGRESSIVE;
				CLANG_WARN_UNREACHABLE_CODE = YES;
				CLANG_WARN__DUPLICATE_METHOD_MATCH = YES;
				COPY_PHASE_STRIP = NO;
				DEBUG_INFORMATION_FORMAT = "dwarf-with-dsym";
				ENABLE_NS_ASSERTIONS = NO;
				ENABLE_STRICT_OBJC_MSGSEND = YES;
				GCC_C_LANGUAGE_STANDARD = gnu11;
				GCC_NO_COMMON_BLOCKS = YES;
				GCC_WARN_64_TO_32_BIT_CONVERSION = YES;
				GCC_WARN_ABOUT_RETURN_TYPE = YES_ERROR;
				GCC_WARN_UNDECLARED_SELECTOR = YES;
				GCC_WARN_UNINITIALIZED_AUTOS = YES_AGGRESSIVE;
				GCC_WARN_UNUSED_FUNCTION = YES;
				GCC_WARN_UNUSED_VARIABLE = YES;
				IPHONEOS_DEPLOYMENT_TARGET = 16.4;
				MTL_ENABLE_DEBUG_INFO = NO;
				MTL_FAST_MATH = YES;
				SDKROOT = iphoneos;
				SWIFT_COMPILATION_MODE = wholemodule;
				SWIFT_OPTIMIZATION_LEVEL = "-O";
				VALIDATE_PRODUCT = YES;
			};
			name = Release;
		};
		88A9C0432B1B3F64005FE035 /* Debug */ = {
			isa = XCBuildConfiguration;
			buildSettings = {
				ASSETCATALOG_COMPILER_APPICON_NAME = AppIcon;
				ASSETCATALOG_COMPILER_GLOBAL_ACCENT_COLOR_NAME = AccentColor;
				CODE_SIGN_STYLE = Automatic;
				CURRENT_PROJECT_VERSION = 1;
				GENERATE_INFOPLIST_FILE = YES;
				INFOPLIST_FILE = "F1 Data/F1 Data/Info.plist";
				INFOPLIST_KEY_UIApplicationSupportsIndirectInputEvents = YES;
				INFOPLIST_KEY_UILaunchStoryboardName = LaunchScreen;
				INFOPLIST_KEY_UISupportedInterfaceOrientations_iPad = "UIInterfaceOrientationPortrait UIInterfaceOrientationPortraitUpsideDown UIInterfaceOrientationLandscapeLeft UIInterfaceOrientationLandscapeRight";
				INFOPLIST_KEY_UISupportedInterfaceOrientations_iPhone = "UIInterfaceOrientationPortrait UIInterfaceOrientationLandscapeLeft UIInterfaceOrientationLandscapeRight";
				LD_RUNPATH_SEARCH_PATHS = (
					"$(inherited)",
					"@executable_path/Frameworks",
				);
				MARKETING_VERSION = 1.0;
				PRODUCT_BUNDLE_IDENTIFIER = "com.ericlabaci.F1-Data";
				PRODUCT_NAME = "$(TARGET_NAME)";
				SWIFT_EMIT_LOC_STRINGS = YES;
				SWIFT_VERSION = 5.0;
				TARGETED_DEVICE_FAMILY = "1,2";
			};
			name = Debug;
		};
		88A9C0442B1B3F64005FE035 /* Release */ = {
			isa = XCBuildConfiguration;
			buildSettings = {
				ASSETCATALOG_COMPILER_APPICON_NAME = AppIcon;
				ASSETCATALOG_COMPILER_GLOBAL_ACCENT_COLOR_NAME = AccentColor;
				CODE_SIGN_STYLE = Automatic;
				CURRENT_PROJECT_VERSION = 1;
				GENERATE_INFOPLIST_FILE = YES;
				INFOPLIST_FILE = "F1 Data/F1 Data/Info.plist";
				INFOPLIST_KEY_UIApplicationSupportsIndirectInputEvents = YES;
				INFOPLIST_KEY_UILaunchStoryboardName = LaunchScreen;
				INFOPLIST_KEY_UISupportedInterfaceOrientations_iPad = "UIInterfaceOrientationPortrait UIInterfaceOrientationPortraitUpsideDown UIInterfaceOrientationLandscapeLeft UIInterfaceOrientationLandscapeRight";
				INFOPLIST_KEY_UISupportedInterfaceOrientations_iPhone = "UIInterfaceOrientationPortrait UIInterfaceOrientationLandscapeLeft UIInterfaceOrientationLandscapeRight";
				LD_RUNPATH_SEARCH_PATHS = (
					"$(inherited)",
					"@executable_path/Frameworks",
				);
				MARKETING_VERSION = 1.0;
				PRODUCT_BUNDLE_IDENTIFIER = "com.ericlabaci.F1-Data";
				PRODUCT_NAME = "$(TARGET_NAME)";
				SWIFT_EMIT_LOC_STRINGS = YES;
				SWIFT_VERSION = 5.0;
				TARGETED_DEVICE_FAMILY = "1,2";
			};
			name = Release;
		};
		88A9C0462B1B3F64005FE035 /* Debug */ = {
			isa = XCBuildConfiguration;
			buildSettings = {
				ALWAYS_EMBED_SWIFT_STANDARD_LIBRARIES = YES;
				BUNDLE_LOADER = "$(TEST_HOST)";
				CODE_SIGN_STYLE = Automatic;
				CURRENT_PROJECT_VERSION = 1;
				GENERATE_INFOPLIST_FILE = YES;
				IPHONEOS_DEPLOYMENT_TARGET = 16.4;
				MARKETING_VERSION = 1.0;
				PRODUCT_BUNDLE_IDENTIFIER = "com.ericlabaci.F1-DataTests";
				PRODUCT_NAME = "$(TARGET_NAME)";
				SWIFT_EMIT_LOC_STRINGS = NO;
				SWIFT_VERSION = 5.0;
				TARGETED_DEVICE_FAMILY = "1,2";
				TEST_HOST = "$(BUILT_PRODUCTS_DIR)/F1 Data.app/$(BUNDLE_EXECUTABLE_FOLDER_PATH)/F1 Data";
			};
			name = Debug;
		};
		88A9C0472B1B3F64005FE035 /* Release */ = {
			isa = XCBuildConfiguration;
			buildSettings = {
				ALWAYS_EMBED_SWIFT_STANDARD_LIBRARIES = YES;
				BUNDLE_LOADER = "$(TEST_HOST)";
				CODE_SIGN_STYLE = Automatic;
				CURRENT_PROJECT_VERSION = 1;
				GENERATE_INFOPLIST_FILE = YES;
				IPHONEOS_DEPLOYMENT_TARGET = 16.4;
				MARKETING_VERSION = 1.0;
				PRODUCT_BUNDLE_IDENTIFIER = "com.ericlabaci.F1-DataTests";
				PRODUCT_NAME = "$(TARGET_NAME)";
				SWIFT_EMIT_LOC_STRINGS = NO;
				SWIFT_VERSION = 5.0;
				TARGETED_DEVICE_FAMILY = "1,2";
				TEST_HOST = "$(BUILT_PRODUCTS_DIR)/F1 Data.app/$(BUNDLE_EXECUTABLE_FOLDER_PATH)/F1 Data";
			};
			name = Release;
		};
		88A9C0492B1B3F64005FE035 /* Debug */ = {
			isa = XCBuildConfiguration;
			buildSettings = {
				ALWAYS_EMBED_SWIFT_STANDARD_LIBRARIES = YES;
				CODE_SIGN_STYLE = Automatic;
				CURRENT_PROJECT_VERSION = 1;
				GENERATE_INFOPLIST_FILE = YES;
				MARKETING_VERSION = 1.0;
				PRODUCT_BUNDLE_IDENTIFIER = "com.ericlabaci.F1-DataUITests";
				PRODUCT_NAME = "$(TARGET_NAME)";
				SWIFT_EMIT_LOC_STRINGS = NO;
				SWIFT_VERSION = 5.0;
				TARGETED_DEVICE_FAMILY = "1,2";
				TEST_TARGET_NAME = "F1 Data";
			};
			name = Debug;
		};
		88A9C04A2B1B3F64005FE035 /* Release */ = {
			isa = XCBuildConfiguration;
			buildSettings = {
				ALWAYS_EMBED_SWIFT_STANDARD_LIBRARIES = YES;
				CODE_SIGN_STYLE = Automatic;
				CURRENT_PROJECT_VERSION = 1;
				GENERATE_INFOPLIST_FILE = YES;
				MARKETING_VERSION = 1.0;
				PRODUCT_BUNDLE_IDENTIFIER = "com.ericlabaci.F1-DataUITests";
				PRODUCT_NAME = "$(TARGET_NAME)";
				SWIFT_EMIT_LOC_STRINGS = NO;
				SWIFT_VERSION = 5.0;
				TARGETED_DEVICE_FAMILY = "1,2";
				TEST_TARGET_NAME = "F1 Data";
			};
			name = Release;
		};
/* End XCBuildConfiguration section */

/* Begin XCConfigurationList section */
		88A9C0132B1B3F59005FE035 /* Build configuration list for PBXProject "F1 Data" */ = {
			isa = XCConfigurationList;
			buildConfigurations = (
				88A9C0402B1B3F64005FE035 /* Debug */,
				88A9C0412B1B3F64005FE035 /* Release */,
			);
			defaultConfigurationIsVisible = 0;
			defaultConfigurationName = Release;
		};
		88A9C0422B1B3F64005FE035 /* Build configuration list for PBXNativeTarget "F1 Data" */ = {
			isa = XCConfigurationList;
			buildConfigurations = (
				88A9C0432B1B3F64005FE035 /* Debug */,
				88A9C0442B1B3F64005FE035 /* Release */,
			);
			defaultConfigurationIsVisible = 0;
			defaultConfigurationName = Release;
		};
		88A9C0452B1B3F64005FE035 /* Build configuration list for PBXNativeTarget "F1 DataTests" */ = {
			isa = XCConfigurationList;
			buildConfigurations = (
				88A9C0462B1B3F64005FE035 /* Debug */,
				88A9C0472B1B3F64005FE035 /* Release */,
			);
			defaultConfigurationIsVisible = 0;
			defaultConfigurationName = Release;
		};
		88A9C0482B1B3F64005FE035 /* Build configuration list for PBXNativeTarget "F1 DataUITests" */ = {
			isa = XCConfigurationList;
			buildConfigurations = (
				88A9C0492B1B3F64005FE035 /* Debug */,
				88A9C04A2B1B3F64005FE035 /* Release */,
			);
			defaultConfigurationIsVisible = 0;
			defaultConfigurationName = Release;
		};
/* End XCConfigurationList section */

/* Begin XCRemoteSwiftPackageReference section */
		88A9C04B2B1B3FC1005FE035 /* XCRemoteSwiftPackageReference "Cartography" */ = {
			isa = XCRemoteSwiftPackageReference;
			repositoryURL = "https://github.com/robb/Cartography.git";
			requirement = {
				kind = exactVersion;
				version = 4.0.0;
			};
		};
		88A9C04E2B1B3FE5005FE035 /* XCRemoteSwiftPackageReference "Alamofire" */ = {
			isa = XCRemoteSwiftPackageReference;
			repositoryURL = "https://github.com/Alamofire/Alamofire";
			requirement = {
				kind = exactVersion;
				version = 5.8.1;
			};
		};
/* End XCRemoteSwiftPackageReference section */

/* Begin XCSwiftPackageProductDependency section */
		88A9C04C2B1B3FC1005FE035 /* Cartography */ = {
			isa = XCSwiftPackageProductDependency;
			package = 88A9C04B2B1B3FC1005FE035 /* XCRemoteSwiftPackageReference "Cartography" */;
			productName = Cartography;
		};
		88A9C04F2B1B3FE5005FE035 /* Alamofire */ = {
			isa = XCSwiftPackageProductDependency;
			package = 88A9C04E2B1B3FE5005FE035 /* XCRemoteSwiftPackageReference "Alamofire" */;
			productName = Alamofire;
		};
/* End XCSwiftPackageProductDependency section */
	};
	rootObject = 88A9C0102B1B3F59005FE035 /* Project object */;
}
