// !$*UTF8*$!
{
	archiveVersion = 1;
	classes = {
	};
	objectVersion = 56;
	objects = {

/* Begin PBXBuildFile section */
		88A9C01C2B1B3F5A005FE035 /* AppDelegate.swift in Sources */ = {isa = PBXBuildFile; fileRef = 88A9C01B2B1B3F5A005FE035 /* AppDelegate.swift */; };
		88A9C01E2B1B3F5A005FE035 /* SceneDelegate.swift in Sources */ = {isa = PBXBuildFile; fileRef = 88A9C01D2B1B3F5A005FE035 /* SceneDelegate.swift */; };
		88A9C0282B1B3F63005FE035 /* LaunchScreen.storyboard in Resources */ = {isa = PBXBuildFile; fileRef = 88A9C0262B1B3F63005FE035 /* LaunchScreen.storyboard */; };
		88A9C0332B1B3F64005FE035 /* SeasonRacesListingViewModelTests.swift in Sources */ = {isa = PBXBuildFile; fileRef = 88A9C0322B1B3F64005FE035 /* SeasonRacesListingViewModelTests.swift */; };
		88A9C04D2B1B3FC1005FE035 /* Cartography in Frameworks */ = {isa = PBXBuildFile; productRef = 88A9C04C2B1B3FC1005FE035 /* Cartography */; };
		88A9C0502B1B3FE5005FE035 /* Alamofire in Frameworks */ = {isa = PBXBuildFile; productRef = 88A9C04F2B1B3FE5005FE035 /* Alamofire */; };
		88A9C0532B1B4037005FE035 /* SeasonRacesListingViewController.swift in Sources */ = {isa = PBXBuildFile; fileRef = 88A9C0522B1B4037005FE035 /* SeasonRacesListingViewController.swift */; };
		88A9C0552B1B403F005FE035 /* SeasonRacesListingViewModel.swift in Sources */ = {isa = PBXBuildFile; fileRef = 88A9C0542B1B403F005FE035 /* SeasonRacesListingViewModel.swift */; };
		88A9C0572B1B4046005FE035 /* SeasonRacesListingComponent.swift in Sources */ = {isa = PBXBuildFile; fileRef = 88A9C0562B1B4046005FE035 /* SeasonRacesListingComponent.swift */; };
		88A9C09C2B1B4536005FE035 /* SeasonRacesListingFeature.swift in Sources */ = {isa = PBXBuildFile; fileRef = 88A9C09B2B1B4536005FE035 /* SeasonRacesListingFeature.swift */; };
		88A9C0A02B1B46F4005FE035 /* LabelComponent.swift in Sources */ = {isa = PBXBuildFile; fileRef = 88A9C09F2B1B46F4005FE035 /* LabelComponent.swift */; };
		88A9C0A32B1B471E005FE035 /* Typography.swift in Sources */ = {isa = PBXBuildFile; fileRef = 88A9C0A22B1B471E005FE035 /* Typography.swift */; };
		88A9C0A52B1B47B0005FE035 /* Color.swift in Sources */ = {isa = PBXBuildFile; fileRef = 88A9C0A42B1B47B0005FE035 /* Color.swift */; };
		88A9C0A82B1B48B2005FE035 /* Networking.swift in Sources */ = {isa = PBXBuildFile; fileRef = 88A9C0A72B1B48B2005FE035 /* Networking.swift */; };
		88A9C0AA2B1B4B29005FE035 /* NetworkingRequest.swift in Sources */ = {isa = PBXBuildFile; fileRef = 88A9C0A92B1B4B29005FE035 /* NetworkingRequest.swift */; };
		88A9C0AD2B1B4BB6005FE035 /* SeasonAPI.swift in Sources */ = {isa = PBXBuildFile; fileRef = 88A9C0AC2B1B4BB5005FE035 /* SeasonAPI.swift */; };
		88A9C0AF2B1B4BD9005FE035 /* NetworkingConfiguration.swift in Sources */ = {isa = PBXBuildFile; fileRef = 88A9C0AE2B1B4BD9005FE035 /* NetworkingConfiguration.swift */; };
		88A9C0B22B1B4C3D005FE035 /* SeasonInfo.swift in Sources */ = {isa = PBXBuildFile; fileRef = 88A9C0B12B1B4C3D005FE035 /* SeasonInfo.swift */; };
		88A9C0B42B1B4DCC005FE035 /* SeasonRequests.swift in Sources */ = {isa = PBXBuildFile; fileRef = 88A9C0B32B1B4DCC005FE035 /* SeasonRequests.swift */; };
		88A9C0B72B1B4F0B005FE035 /* UIViewController+LoadingDisplayable.swift in Sources */ = {isa = PBXBuildFile; fileRef = 88A9C0B62B1B4F0B005FE035 /* UIViewController+LoadingDisplayable.swift */; };
		88A9C0B92B1B5080005FE035 /* ViewCodeProtocol.swift in Sources */ = {isa = PBXBuildFile; fileRef = 88A9C0B82B1B5080005FE035 /* ViewCodeProtocol.swift */; };
		88A9C0BC2B1B5169005FE035 /* Collection+Extensions.swift in Sources */ = {isa = PBXBuildFile; fileRef = 88A9C0BB2B1B5169005FE035 /* Collection+Extensions.swift */; };
		88A9C0BE2B1B51FC005FE035 /* UITableView+Extensions.swift in Sources */ = {isa = PBXBuildFile; fileRef = 88A9C0BD2B1B51FC005FE035 /* UITableView+Extensions.swift */; };
		88A9C0C02B1B5233005FE035 /* SeasonRaceTableViewCell.swift in Sources */ = {isa = PBXBuildFile; fileRef = 88A9C0BF2B1B5233005FE035 /* SeasonRaceTableViewCell.swift */; };
		88A9C0C22B1B52F5005FE035 /* Spacing.swift in Sources */ = {isa = PBXBuildFile; fileRef = 88A9C0C12B1B52F5005FE035 /* Spacing.swift */; };
		88A9C0C42B1B551D005FE035 /* UIStackView+Extensions.swift in Sources */ = {isa = PBXBuildFile; fileRef = 88A9C0C32B1B551D005FE035 /* UIStackView+Extensions.swift */; };
		88A9C0C62B1B5717005FE035 /* DependenciesHandler.swift in Sources */ = {isa = PBXBuildFile; fileRef = 88A9C0C52B1B5717005FE035 /* DependenciesHandler.swift */; };
		88A9C0C92B1B5858005FE035 /* SeasonRacesListingLocalizable.strings in Resources */ = {isa = PBXBuildFile; fileRef = 88A9C0C82B1B5858005FE035 /* SeasonRacesListingLocalizable.strings */; };
		88A9C0D22B1B597E005FE035 /* Assets.xcassets in Resources */ = {isa = PBXBuildFile; fileRef = 88A9C0D12B1B597E005FE035 /* Assets.xcassets */; };
		88A9C0D52B1B5A2A005FE035 /* XCAssets+Generated.swift in Sources */ = {isa = PBXBuildFile; fileRef = 88A9C0D42B1B5A2A005FE035 /* XCAssets+Generated.swift */; };
		88A9C0D72B1B5A55005FE035 /* Main.xcassets in Resources */ = {isa = PBXBuildFile; fileRef = 88A9C0D62B1B5A55005FE035 /* Main.xcassets */; };
		88A9C0D92B1B5C55005FE035 /* SeasonRacesListingRouter.swift in Sources */ = {isa = PBXBuildFile; fileRef = 88A9C0D82B1B5C55005FE035 /* SeasonRacesListingRouter.swift */; };
		88A9C0E12B1B5F7C005FE035 /* RaceResultsComponent.swift in Sources */ = {isa = PBXBuildFile; fileRef = 88A9C0DB2B1B5F7C005FE035 /* RaceResultsComponent.swift */; };
		88A9C0E22B1B5F7C005FE035 /* RaceResultsViewModel.swift in Sources */ = {isa = PBXBuildFile; fileRef = 88A9C0DC2B1B5F7C005FE035 /* RaceResultsViewModel.swift */; };
		88A9C0E32B1B5F7C005FE035 /* RaceResultsViewController.swift in Sources */ = {isa = PBXBuildFile; fileRef = 88A9C0DD2B1B5F7C005FE035 /* RaceResultsViewController.swift */; };
		88A9C0E42B1B5F7C005FE035 /* RaceResultsTableViewCell.swift in Sources */ = {isa = PBXBuildFile; fileRef = 88A9C0DE2B1B5F7C005FE035 /* RaceResultsTableViewCell.swift */; };
		88A9C0E52B1B5F7C005FE035 /* RaceResultsFeature.swift in Sources */ = {isa = PBXBuildFile; fileRef = 88A9C0DF2B1B5F7C005FE035 /* RaceResultsFeature.swift */; };
		88A9C0E62B1B5F7C005FE035 /* RaceResultsRouter.swift in Sources */ = {isa = PBXBuildFile; fileRef = 88A9C0E02B1B5F7C005FE035 /* RaceResultsRouter.swift */; };
		88A9C0EC2B1B60AB005FE035 /* RaceResultsLocalizable.strings in Resources */ = {isa = PBXBuildFile; fileRef = 88A9C0EB2B1B60AB005FE035 /* RaceResultsLocalizable.strings */; };
		88A9C0F22B1B6156005FE035 /* SeasonRacesListingStrings+Generated.swift in Sources */ = {isa = PBXBuildFile; fileRef = 88A9C0F12B1B6156005FE035 /* SeasonRacesListingStrings+Generated.swift */; };
		88A9C0F42B1B618F005FE035 /* RaceResultsStrings+Generated.swift in Sources */ = {isa = PBXBuildFile; fileRef = 88A9C0F32B1B618F005FE035 /* RaceResultsStrings+Generated.swift */; };
		88A9C0F62B1B6548005FE035 /* Circuit.swift in Sources */ = {isa = PBXBuildFile; fileRef = 88A9C0F52B1B6548005FE035 /* Circuit.swift */; };
		88A9C0F82B1B6551005FE035 /* RaceResult.swift in Sources */ = {isa = PBXBuildFile; fileRef = 88A9C0F72B1B6551005FE035 /* RaceResult.swift */; };
		88A9C0FA2B1B655F005FE035 /* Driver.swift in Sources */ = {isa = PBXBuildFile; fileRef = 88A9C0F92B1B655F005FE035 /* Driver.swift */; };
		88A9C0FD2B1B7161005FE035 /* SeasonAPIInterfaceSpy.swift in Sources */ = {isa = PBXBuildFile; fileRef = 88A9C0FC2B1B7161005FE035 /* SeasonAPIInterfaceSpy.swift */; };
		88A9C1012B1B72DD005FE035 /* SeasonRacesListingViewModelDelegateSpy.swift in Sources */ = {isa = PBXBuildFile; fileRef = 88A9C1002B1B72DD005FE035 /* SeasonRacesListingViewModelDelegateSpy.swift */; };
		88A9C1032B1B7355005FE035 /* LoadingDisplayableSpy.swift in Sources */ = {isa = PBXBuildFile; fileRef = 88A9C1022B1B7355005FE035 /* LoadingDisplayableSpy.swift */; };
		88A9C1062B1B7389005FE035 /* SeasonInfo+Fixture.swift in Sources */ = {isa = PBXBuildFile; fileRef = 88A9C1052B1B7389005FE035 /* SeasonInfo+Fixture.swift */; };
		88A9C1082B1B7463005FE035 /* UIViewController+ErrorDisplayable.swift in Sources */ = {isa = PBXBuildFile; fileRef = 88A9C1072B1B7463005FE035 /* UIViewController+ErrorDisplayable.swift */; };
		88A9C10A2B1B74B0005FE035 /* ErrorDisplayableSpy.swift in Sources */ = {isa = PBXBuildFile; fileRef = 88A9C1092B1B74B0005FE035 /* ErrorDisplayableSpy.swift */; };
		88A9C10C2B1B7552005FE035 /* SeasonRacesListingViewControllerTests.swift in Sources */ = {isa = PBXBuildFile; fileRef = 88A9C10B2B1B7552005FE035 /* SeasonRacesListingViewControllerTests.swift */; };
		88A9C10E2B1B7582005FE035 /* SeasonRacesListingComponentInterfaceSpy.swift in Sources */ = {isa = PBXBuildFile; fileRef = 88A9C10D2B1B7581005FE035 /* SeasonRacesListingComponentInterfaceSpy.swift */; };
		88A9C1102B1B7594005FE035 /* SeasonRacesListingRouterInterfaceSpy.swift in Sources */ = {isa = PBXBuildFile; fileRef = 88A9C10F2B1B7594005FE035 /* SeasonRacesListingRouterInterfaceSpy.swift */; };
		88A9C1122B1B759B005FE035 /* SeasonRacesListingViewModelInterfaceSpy.swift in Sources */ = {isa = PBXBuildFile; fileRef = 88A9C1112B1B759B005FE035 /* SeasonRacesListingViewModelInterfaceSpy.swift */; };
		88A9C1142B1B7853005FE035 /* LoadingComponent.swift in Sources */ = {isa = PBXBuildFile; fileRef = 88A9C1132B1B7853005FE035 /* LoadingComponent.swift */; };
		88A9C1172B1B79C7005FE035 /* Race.swift in Sources */ = {isa = PBXBuildFile; fileRef = 88A9C1162B1B79C7005FE035 /* Race.swift */; };
/* End PBXBuildFile section */

/* Begin PBXContainerItemProxy section */
		88A9C02F2B1B3F64005FE035 /* PBXContainerItemProxy */ = {
			isa = PBXContainerItemProxy;
			containerPortal = 88A9C0102B1B3F59005FE035 /* Project object */;
			proxyType = 1;
			remoteGlobalIDString = 88A9C0172B1B3F5A005FE035;
			remoteInfo = "F1 Data";
		};
/* End PBXContainerItemProxy section */

/* Begin PBXCopyFilesBuildPhase section */
		88A9C0812B1B443C005FE035 /* Embed Frameworks */ = {
			isa = PBXCopyFilesBuildPhase;
			buildActionMask = 2147483647;
			dstPath = "";
			dstSubfolderSpec = 10;
			files = (
			);
			name = "Embed Frameworks";
			runOnlyForDeploymentPostprocessing = 0;
		};
/* End PBXCopyFilesBuildPhase section */

/* Begin PBXFileReference section */
		88A9C0182B1B3F5A005FE035 /* F1 Data.app */ = {isa = PBXFileReference; explicitFileType = wrapper.application; includeInIndex = 0; path = "F1 Data.app"; sourceTree = BUILT_PRODUCTS_DIR; };
		88A9C01B2B1B3F5A005FE035 /* AppDelegate.swift */ = {isa = PBXFileReference; lastKnownFileType = sourcecode.swift; path = AppDelegate.swift; sourceTree = "<group>"; };
		88A9C01D2B1B3F5A005FE035 /* SceneDelegate.swift */ = {isa = PBXFileReference; lastKnownFileType = sourcecode.swift; path = SceneDelegate.swift; sourceTree = "<group>"; };
		88A9C0272B1B3F63005FE035 /* Base */ = {isa = PBXFileReference; lastKnownFileType = file.storyboard; name = Base; path = Base.lproj/LaunchScreen.storyboard; sourceTree = "<group>"; };
		88A9C0292B1B3F63005FE035 /* Info.plist */ = {isa = PBXFileReference; lastKnownFileType = text.plist.xml; path = Info.plist; sourceTree = "<group>"; };
		88A9C02E2B1B3F64005FE035 /* F1 DataTests.xctest */ = {isa = PBXFileReference; explicitFileType = wrapper.cfbundle; includeInIndex = 0; path = "F1 DataTests.xctest"; sourceTree = BUILT_PRODUCTS_DIR; };
		88A9C0322B1B3F64005FE035 /* SeasonRacesListingViewModelTests.swift */ = {isa = PBXFileReference; lastKnownFileType = sourcecode.swift; path = SeasonRacesListingViewModelTests.swift; sourceTree = "<group>"; };
		88A9C0522B1B4037005FE035 /* SeasonRacesListingViewController.swift */ = {isa = PBXFileReference; lastKnownFileType = sourcecode.swift; path = SeasonRacesListingViewController.swift; sourceTree = "<group>"; };
		88A9C0542B1B403F005FE035 /* SeasonRacesListingViewModel.swift */ = {isa = PBXFileReference; lastKnownFileType = sourcecode.swift; path = SeasonRacesListingViewModel.swift; sourceTree = "<group>"; };
		88A9C0562B1B4046005FE035 /* SeasonRacesListingComponent.swift */ = {isa = PBXFileReference; lastKnownFileType = sourcecode.swift; path = SeasonRacesListingComponent.swift; sourceTree = "<group>"; };
		88A9C09B2B1B4536005FE035 /* SeasonRacesListingFeature.swift */ = {isa = PBXFileReference; lastKnownFileType = sourcecode.swift; path = SeasonRacesListingFeature.swift; sourceTree = "<group>"; };
		88A9C09F2B1B46F4005FE035 /* LabelComponent.swift */ = {isa = PBXFileReference; lastKnownFileType = sourcecode.swift; path = LabelComponent.swift; sourceTree = "<group>"; };
		88A9C0A22B1B471E005FE035 /* Typography.swift */ = {isa = PBXFileReference; lastKnownFileType = sourcecode.swift; path = Typography.swift; sourceTree = "<group>"; };
		88A9C0A42B1B47B0005FE035 /* Color.swift */ = {isa = PBXFileReference; lastKnownFileType = sourcecode.swift; path = Color.swift; sourceTree = "<group>"; };
		88A9C0A72B1B48B2005FE035 /* Networking.swift */ = {isa = PBXFileReference; lastKnownFileType = sourcecode.swift; path = Networking.swift; sourceTree = "<group>"; };
		88A9C0A92B1B4B29005FE035 /* NetworkingRequest.swift */ = {isa = PBXFileReference; lastKnownFileType = sourcecode.swift; path = NetworkingRequest.swift; sourceTree = "<group>"; };
		88A9C0AC2B1B4BB5005FE035 /* SeasonAPI.swift */ = {isa = PBXFileReference; lastKnownFileType = sourcecode.swift; path = SeasonAPI.swift; sourceTree = "<group>"; };
		88A9C0AE2B1B4BD9005FE035 /* NetworkingConfiguration.swift */ = {isa = PBXFileReference; lastKnownFileType = sourcecode.swift; path = NetworkingConfiguration.swift; sourceTree = "<group>"; };
		88A9C0B12B1B4C3D005FE035 /* SeasonInfo.swift */ = {isa = PBXFileReference; lastKnownFileType = sourcecode.swift; path = SeasonInfo.swift; sourceTree = "<group>"; };
		88A9C0B32B1B4DCC005FE035 /* SeasonRequests.swift */ = {isa = PBXFileReference; lastKnownFileType = sourcecode.swift; path = SeasonRequests.swift; sourceTree = "<group>"; };
		88A9C0B62B1B4F0B005FE035 /* UIViewController+LoadingDisplayable.swift */ = {isa = PBXFileReference; lastKnownFileType = sourcecode.swift; path = "UIViewController+LoadingDisplayable.swift"; sourceTree = "<group>"; };
		88A9C0B82B1B5080005FE035 /* ViewCodeProtocol.swift */ = {isa = PBXFileReference; lastKnownFileType = sourcecode.swift; path = ViewCodeProtocol.swift; sourceTree = "<group>"; };
		88A9C0BB2B1B5169005FE035 /* Collection+Extensions.swift */ = {isa = PBXFileReference; lastKnownFileType = sourcecode.swift; path = "Collection+Extensions.swift"; sourceTree = "<group>"; };
		88A9C0BD2B1B51FC005FE035 /* UITableView+Extensions.swift */ = {isa = PBXFileReference; lastKnownFileType = sourcecode.swift; path = "UITableView+Extensions.swift"; sourceTree = "<group>"; };
		88A9C0BF2B1B5233005FE035 /* SeasonRaceTableViewCell.swift */ = {isa = PBXFileReference; lastKnownFileType = sourcecode.swift; path = SeasonRaceTableViewCell.swift; sourceTree = "<group>"; };
		88A9C0C12B1B52F5005FE035 /* Spacing.swift */ = {isa = PBXFileReference; lastKnownFileType = sourcecode.swift; path = Spacing.swift; sourceTree = "<group>"; };
		88A9C0C32B1B551D005FE035 /* UIStackView+Extensions.swift */ = {isa = PBXFileReference; lastKnownFileType = sourcecode.swift; path = "UIStackView+Extensions.swift"; sourceTree = "<group>"; };
		88A9C0C52B1B5717005FE035 /* DependenciesHandler.swift */ = {isa = PBXFileReference; lastKnownFileType = sourcecode.swift; path = DependenciesHandler.swift; sourceTree = "<group>"; };
		88A9C0C82B1B5858005FE035 /* SeasonRacesListingLocalizable.strings */ = {isa = PBXFileReference; lastKnownFileType = text.plist.strings; path = SeasonRacesListingLocalizable.strings; sourceTree = "<group>"; };
		88A9C0D12B1B597E005FE035 /* Assets.xcassets */ = {isa = PBXFileReference; lastKnownFileType = folder.assetcatalog; path = Assets.xcassets; sourceTree = "<group>"; };
		88A9C0D42B1B5A2A005FE035 /* XCAssets+Generated.swift */ = {isa = PBXFileReference; fileEncoding = 4; lastKnownFileType = sourcecode.swift; path = "XCAssets+Generated.swift"; sourceTree = "<group>"; };
		88A9C0D62B1B5A55005FE035 /* Main.xcassets */ = {isa = PBXFileReference; lastKnownFileType = folder.assetcatalog; path = Main.xcassets; sourceTree = "<group>"; };
		88A9C0D82B1B5C55005FE035 /* SeasonRacesListingRouter.swift */ = {isa = PBXFileReference; lastKnownFileType = sourcecode.swift; path = SeasonRacesListingRouter.swift; sourceTree = "<group>"; };
		88A9C0DB2B1B5F7C005FE035 /* RaceResultsComponent.swift */ = {isa = PBXFileReference; fileEncoding = 4; lastKnownFileType = sourcecode.swift; path = RaceResultsComponent.swift; sourceTree = "<group>"; };
		88A9C0DC2B1B5F7C005FE035 /* RaceResultsViewModel.swift */ = {isa = PBXFileReference; fileEncoding = 4; lastKnownFileType = sourcecode.swift; path = RaceResultsViewModel.swift; sourceTree = "<group>"; };
		88A9C0DD2B1B5F7C005FE035 /* RaceResultsViewController.swift */ = {isa = PBXFileReference; fileEncoding = 4; lastKnownFileType = sourcecode.swift; path = RaceResultsViewController.swift; sourceTree = "<group>"; };
		88A9C0DE2B1B5F7C005FE035 /* RaceResultsTableViewCell.swift */ = {isa = PBXFileReference; fileEncoding = 4; lastKnownFileType = sourcecode.swift; path = RaceResultsTableViewCell.swift; sourceTree = "<group>"; };
		88A9C0DF2B1B5F7C005FE035 /* RaceResultsFeature.swift */ = {isa = PBXFileReference; fileEncoding = 4; lastKnownFileType = sourcecode.swift; path = RaceResultsFeature.swift; sourceTree = "<group>"; };
		88A9C0E02B1B5F7C005FE035 /* RaceResultsRouter.swift */ = {isa = PBXFileReference; fileEncoding = 4; lastKnownFileType = sourcecode.swift; path = RaceResultsRouter.swift; sourceTree = "<group>"; };
		88A9C0EB2B1B60AB005FE035 /* RaceResultsLocalizable.strings */ = {isa = PBXFileReference; fileEncoding = 4; lastKnownFileType = text.plist.strings; path = RaceResultsLocalizable.strings; sourceTree = "<group>"; };
		88A9C0F12B1B6156005FE035 /* SeasonRacesListingStrings+Generated.swift */ = {isa = PBXFileReference; fileEncoding = 4; lastKnownFileType = sourcecode.swift; path = "SeasonRacesListingStrings+Generated.swift"; sourceTree = "<group>"; };
		88A9C0F32B1B618F005FE035 /* RaceResultsStrings+Generated.swift */ = {isa = PBXFileReference; fileEncoding = 4; lastKnownFileType = sourcecode.swift; path = "RaceResultsStrings+Generated.swift"; sourceTree = "<group>"; };
		88A9C0F52B1B6548005FE035 /* Circuit.swift */ = {isa = PBXFileReference; lastKnownFileType = sourcecode.swift; path = Circuit.swift; sourceTree = "<group>"; };
		88A9C0F72B1B6551005FE035 /* RaceResult.swift */ = {isa = PBXFileReference; lastKnownFileType = sourcecode.swift; path = RaceResult.swift; sourceTree = "<group>"; };
		88A9C0F92B1B655F005FE035 /* Driver.swift */ = {isa = PBXFileReference; lastKnownFileType = sourcecode.swift; path = Driver.swift; sourceTree = "<group>"; };
		88A9C0FC2B1B7161005FE035 /* SeasonAPIInterfaceSpy.swift */ = {isa = PBXFileReference; lastKnownFileType = sourcecode.swift; path = SeasonAPIInterfaceSpy.swift; sourceTree = "<group>"; };
		88A9C1002B1B72DD005FE035 /* SeasonRacesListingViewModelDelegateSpy.swift */ = {isa = PBXFileReference; lastKnownFileType = sourcecode.swift; path = SeasonRacesListingViewModelDelegateSpy.swift; sourceTree = "<group>"; };
		88A9C1022B1B7355005FE035 /* LoadingDisplayableSpy.swift */ = {isa = PBXFileReference; lastKnownFileType = sourcecode.swift; path = LoadingDisplayableSpy.swift; sourceTree = "<group>"; };
		88A9C1052B1B7389005FE035 /* SeasonInfo+Fixture.swift */ = {isa = PBXFileReference; lastKnownFileType = sourcecode.swift; path = "SeasonInfo+Fixture.swift"; sourceTree = "<group>"; };
		88A9C1072B1B7463005FE035 /* UIViewController+ErrorDisplayable.swift */ = {isa = PBXFileReference; lastKnownFileType = sourcecode.swift; path = "UIViewController+ErrorDisplayable.swift"; sourceTree = "<group>"; };
		88A9C1092B1B74B0005FE035 /* ErrorDisplayableSpy.swift */ = {isa = PBXFileReference; lastKnownFileType = sourcecode.swift; path = ErrorDisplayableSpy.swift; sourceTree = "<group>"; };
		88A9C10B2B1B7552005FE035 /* SeasonRacesListingViewControllerTests.swift */ = {isa = PBXFileReference; lastKnownFileType = sourcecode.swift; path = SeasonRacesListingViewControllerTests.swift; sourceTree = "<group>"; };
		88A9C10D2B1B7581005FE035 /* SeasonRacesListingComponentInterfaceSpy.swift */ = {isa = PBXFileReference; lastKnownFileType = sourcecode.swift; path = SeasonRacesListingComponentInterfaceSpy.swift; sourceTree = "<group>"; };
		88A9C10F2B1B7594005FE035 /* SeasonRacesListingRouterInterfaceSpy.swift */ = {isa = PBXFileReference; lastKnownFileType = sourcecode.swift; path = SeasonRacesListingRouterInterfaceSpy.swift; sourceTree = "<group>"; };
		88A9C1112B1B759B005FE035 /* SeasonRacesListingViewModelInterfaceSpy.swift */ = {isa = PBXFileReference; lastKnownFileType = sourcecode.swift; path = SeasonRacesListingViewModelInterfaceSpy.swift; sourceTree = "<group>"; };
		88A9C1132B1B7853005FE035 /* LoadingComponent.swift */ = {isa = PBXFileReference; lastKnownFileType = sourcecode.swift; path = LoadingComponent.swift; sourceTree = "<group>"; };
		88A9C1162B1B79C7005FE035 /* Race.swift */ = {isa = PBXFileReference; lastKnownFileType = sourcecode.swift; path = Race.swift; sourceTree = "<group>"; };
/* End PBXFileReference section */

/* Begin PBXFrameworksBuildPhase section */
		88A9C0152B1B3F5A005FE035 /* Frameworks */ = {
			isa = PBXFrameworksBuildPhase;
			buildActionMask = 2147483647;
			files = (
				88A9C04D2B1B3FC1005FE035 /* Cartography in Frameworks */,
				88A9C0502B1B3FE5005FE035 /* Alamofire in Frameworks */,
			);
			runOnlyForDeploymentPostprocessing = 0;
		};
		88A9C02B2B1B3F64005FE035 /* Frameworks */ = {
			isa = PBXFrameworksBuildPhase;
			buildActionMask = 2147483647;
			files = (
			);
			runOnlyForDeploymentPostprocessing = 0;
		};
/* End PBXFrameworksBuildPhase section */

/* Begin PBXGroup section */
		88A9C00F2B1B3F59005FE035 = {
			isa = PBXGroup;
			children = (
				88A9C01A2B1B3F5A005FE035 /* F1 Data */,
				88A9C0312B1B3F64005FE035 /* F1 DataTests */,
				88A9C0192B1B3F5A005FE035 /* Products */,
				88A9C0752B1B43FF005FE035 /* Frameworks */,
			);
			sourceTree = "<group>";
		};
		88A9C0192B1B3F5A005FE035 /* Products */ = {
			isa = PBXGroup;
			children = (
				88A9C0182B1B3F5A005FE035 /* F1 Data.app */,
				88A9C02E2B1B3F64005FE035 /* F1 DataTests.xctest */,
			);
			name = Products;
			sourceTree = "<group>";
		};
		88A9C01A2B1B3F5A005FE035 /* F1 Data */ = {
			isa = PBXGroup;
			children = (
				88A9C0D02B1B596B005FE035 /* CommonImages */,
				88A9C0A12B1B4712005FE035 /* DesignSystem */,
				88A9C05D2B1B4101005FE035 /* F1 Data */,
				88A9C0BA2B1B515C005FE035 /* FoundationUtils */,
				88A9C0A62B1B48A4005FE035 /* Networking */,
				88A9C0DA2B1B5F3C005FE035 /* RaceResults */,
				88A9C0AB2B1B4B9D005FE035 /* SeasonAPI */,
				88A9C0512B1B4029005FE035 /* SeasonRacesListing */,
				88A9C09D2B1B46DF005FE035 /* UIComponents */,
			);
			path = "F1 Data";
			sourceTree = "<group>";
		};
		88A9C0312B1B3F64005FE035 /* F1 DataTests */ = {
			isa = PBXGroup;
			children = (
				88A9C0FB2B1B7156005FE035 /* Doubles */,
				88A9C1042B1B737E005FE035 /* Fixtures */,
				88A9C0FE2B1B72C9005FE035 /* SeasonRacesListing */,
			);
			path = "F1 DataTests";
			sourceTree = "<group>";
		};
		88A9C0512B1B4029005FE035 /* SeasonRacesListing */ = {
			isa = PBXGroup;
			children = (
				88A9C0CD2B1B58FD005FE035 /* Generated */,
				88A9C0C72B1B5843005FE035 /* Resources */,
				88A9C0562B1B4046005FE035 /* SeasonRacesListingComponent.swift */,
				88A9C09B2B1B4536005FE035 /* SeasonRacesListingFeature.swift */,
				88A9C0D82B1B5C55005FE035 /* SeasonRacesListingRouter.swift */,
				88A9C0522B1B4037005FE035 /* SeasonRacesListingViewController.swift */,
				88A9C0542B1B403F005FE035 /* SeasonRacesListingViewModel.swift */,
				88A9C0BF2B1B5233005FE035 /* SeasonRaceTableViewCell.swift */,
			);
			path = SeasonRacesListing;
			sourceTree = "<group>";
		};
		88A9C05D2B1B4101005FE035 /* F1 Data */ = {
			isa = PBXGroup;
			children = (
				88A9C01B2B1B3F5A005FE035 /* AppDelegate.swift */,
				88A9C0C52B1B5717005FE035 /* DependenciesHandler.swift */,
				88A9C0292B1B3F63005FE035 /* Info.plist */,
				88A9C0262B1B3F63005FE035 /* LaunchScreen.storyboard */,
				88A9C0D62B1B5A55005FE035 /* Main.xcassets */,
				88A9C01D2B1B3F5A005FE035 /* SceneDelegate.swift */,
			);
			path = "F1 Data";
			sourceTree = "<group>";
		};
		88A9C0752B1B43FF005FE035 /* Frameworks */ = {
			isa = PBXGroup;
			children = (
			);
			name = Frameworks;
			sourceTree = "<group>";
		};
		88A9C09D2B1B46DF005FE035 /* UIComponents */ = {
			isa = PBXGroup;
			children = (
				88A9C1152B1B7986005FE035 /* ErrorComponent */,
				88A9C09E2B1B46EA005FE035 /* LabelComponent */,
				88A9C0B52B1B4EF5005FE035 /* LoadingComponent */,
				88A9C0C32B1B551D005FE035 /* UIStackView+Extensions.swift */,
				88A9C0BD2B1B51FC005FE035 /* UITableView+Extensions.swift */,
				88A9C0B82B1B5080005FE035 /* ViewCodeProtocol.swift */,
			);
			path = UIComponents;
			sourceTree = "<group>";
		};
		88A9C09E2B1B46EA005FE035 /* LabelComponent */ = {
			isa = PBXGroup;
			children = (
				88A9C09F2B1B46F4005FE035 /* LabelComponent.swift */,
			);
			path = LabelComponent;
			sourceTree = "<group>";
		};
		88A9C0A12B1B4712005FE035 /* DesignSystem */ = {
			isa = PBXGroup;
			children = (
				88A9C0A42B1B47B0005FE035 /* Color.swift */,
				88A9C0C12B1B52F5005FE035 /* Spacing.swift */,
				88A9C0A22B1B471E005FE035 /* Typography.swift */,
			);
			path = DesignSystem;
			sourceTree = "<group>";
		};
		88A9C0A62B1B48A4005FE035 /* Networking */ = {
			isa = PBXGroup;
			children = (
				88A9C0A72B1B48B2005FE035 /* Networking.swift */,
				88A9C0AE2B1B4BD9005FE035 /* NetworkingConfiguration.swift */,
				88A9C0A92B1B4B29005FE035 /* NetworkingRequest.swift */,
			);
			path = Networking;
			sourceTree = "<group>";
		};
		88A9C0AB2B1B4B9D005FE035 /* SeasonAPI */ = {
			isa = PBXGroup;
			children = (
				88A9C0B02B1B4C2F005FE035 /* Models */,
				88A9C0AC2B1B4BB5005FE035 /* SeasonAPI.swift */,
				88A9C0B32B1B4DCC005FE035 /* SeasonRequests.swift */,
			);
			path = SeasonAPI;
			sourceTree = "<group>";
		};
		88A9C0B02B1B4C2F005FE035 /* Models */ = {
			isa = PBXGroup;
			children = (
				88A9C0F52B1B6548005FE035 /* Circuit.swift */,
				88A9C0F92B1B655F005FE035 /* Driver.swift */,
				88A9C1162B1B79C7005FE035 /* Race.swift */,
				88A9C0F72B1B6551005FE035 /* RaceResult.swift */,
				88A9C0B12B1B4C3D005FE035 /* SeasonInfo.swift */,
			);
			path = Models;
			sourceTree = "<group>";
		};
		88A9C0B52B1B4EF5005FE035 /* LoadingComponent */ = {
			isa = PBXGroup;
			children = (
				88A9C1132B1B7853005FE035 /* LoadingComponent.swift */,
				88A9C0B62B1B4F0B005FE035 /* UIViewController+LoadingDisplayable.swift */,
			);
			path = LoadingComponent;
			sourceTree = "<group>";
		};
		88A9C0BA2B1B515C005FE035 /* FoundationUtils */ = {
			isa = PBXGroup;
			children = (
				88A9C0BB2B1B5169005FE035 /* Collection+Extensions.swift */,
			);
			path = FoundationUtils;
			sourceTree = "<group>";
		};
		88A9C0C72B1B5843005FE035 /* Resources */ = {
			isa = PBXGroup;
			children = (
				88A9C0C82B1B5858005FE035 /* SeasonRacesListingLocalizable.strings */,
			);
			path = Resources;
			sourceTree = "<group>";
		};
		88A9C0CD2B1B58FD005FE035 /* Generated */ = {
			isa = PBXGroup;
			children = (
				88A9C0F12B1B6156005FE035 /* SeasonRacesListingStrings+Generated.swift */,
			);
			path = Generated;
			sourceTree = "<group>";
		};
		88A9C0D02B1B596B005FE035 /* CommonImages */ = {
			isa = PBXGroup;
			children = (
				88A9C0D32B1B59F1005FE035 /* Generated */,
				88A9C0D12B1B597E005FE035 /* Assets.xcassets */,
			);
			path = CommonImages;
			sourceTree = "<group>";
		};
		88A9C0D32B1B59F1005FE035 /* Generated */ = {
			isa = PBXGroup;
			children = (
				88A9C0D42B1B5A2A005FE035 /* XCAssets+Generated.swift */,
			);
			path = Generated;
			sourceTree = "<group>";
		};
		88A9C0DA2B1B5F3C005FE035 /* RaceResults */ = {
			isa = PBXGroup;
			children = (
				88A9C0E92B1B5F95005FE035 /* Generated */,
				88A9C0EA2B1B5F9A005FE035 /* Resources */,
				88A9C0DB2B1B5F7C005FE035 /* RaceResultsComponent.swift */,
				88A9C0DF2B1B5F7C005FE035 /* RaceResultsFeature.swift */,
				88A9C0E02B1B5F7C005FE035 /* RaceResultsRouter.swift */,
				88A9C0DD2B1B5F7C005FE035 /* RaceResultsViewController.swift */,
				88A9C0DC2B1B5F7C005FE035 /* RaceResultsViewModel.swift */,
				88A9C0DE2B1B5F7C005FE035 /* RaceResultsTableViewCell.swift */,
			);
			path = RaceResults;
			sourceTree = "<group>";
		};
		88A9C0E92B1B5F95005FE035 /* Generated */ = {
			isa = PBXGroup;
			children = (
				88A9C0F32B1B618F005FE035 /* RaceResultsStrings+Generated.swift */,
			);
			path = Generated;
			sourceTree = "<group>";
		};
		88A9C0EA2B1B5F9A005FE035 /* Resources */ = {
			isa = PBXGroup;
			children = (
				88A9C0EB2B1B60AB005FE035 /* RaceResultsLocalizable.strings */,
			);
			path = Resources;
			sourceTree = "<group>";
		};
		88A9C0FB2B1B7156005FE035 /* Doubles */ = {
			isa = PBXGroup;
			children = (
				88A9C1092B1B74B0005FE035 /* ErrorDisplayableSpy.swift */,
				88A9C1022B1B7355005FE035 /* LoadingDisplayableSpy.swift */,
				88A9C0FC2B1B7161005FE035 /* SeasonAPIInterfaceSpy.swift */,
			);
			path = Doubles;
			sourceTree = "<group>";
		};
		88A9C0FE2B1B72C9005FE035 /* SeasonRacesListing */ = {
			isa = PBXGroup;
			children = (
				88A9C0FF2B1B72D2005FE035 /* Doubles */,
				88A9C10B2B1B7552005FE035 /* SeasonRacesListingViewControllerTests.swift */,
				88A9C0322B1B3F64005FE035 /* SeasonRacesListingViewModelTests.swift */,
			);
			path = SeasonRacesListing;
			sourceTree = "<group>";
		};
		88A9C0FF2B1B72D2005FE035 /* Doubles */ = {
			isa = PBXGroup;
			children = (
				88A9C10D2B1B7581005FE035 /* SeasonRacesListingComponentInterfaceSpy.swift */,
				88A9C10F2B1B7594005FE035 /* SeasonRacesListingRouterInterfaceSpy.swift */,
				88A9C1002B1B72DD005FE035 /* SeasonRacesListingViewModelDelegateSpy.swift */,
				88A9C1112B1B759B005FE035 /* SeasonRacesListingViewModelInterfaceSpy.swift */,
			);
			path = Doubles;
			sourceTree = "<group>";
		};
		88A9C1042B1B737E005FE035 /* Fixtures */ = {
			isa = PBXGroup;
			children = (
				88A9C1052B1B7389005FE035 /* SeasonInfo+Fixture.swift */,
			);
			path = Fixtures;
			sourceTree = "<group>";
		};
		88A9C1152B1B7986005FE035 /* ErrorComponent */ = {
			isa = PBXGroup;
			children = (
				88A9C1072B1B7463005FE035 /* UIViewController+ErrorDisplayable.swift */,
			);
			path = ErrorComponent;
			sourceTree = "<group>";
		};
/* End PBXGroup section */

/* Begin PBXNativeTarget section */
		88A9C0172B1B3F5A005FE035 /* F1 Data */ = {
			isa = PBXNativeTarget;
			buildConfigurationList = 88A9C0422B1B3F64005FE035 /* Build configuration list for PBXNativeTarget "F1 Data" */;
			buildPhases = (
				88A9C0142B1B3F5A005FE035 /* Sources */,
				88A9C0152B1B3F5A005FE035 /* Frameworks */,
				88A9C0162B1B3F5A005FE035 /* Resources */,
				88A9C0812B1B443C005FE035 /* Embed Frameworks */,
			);
			buildRules = (
			);
			dependencies = (
			);
			name = "F1 Data";
			packageProductDependencies = (
				88A9C04C2B1B3FC1005FE035 /* Cartography */,
				88A9C04F2B1B3FE5005FE035 /* Alamofire */,
			);
			productName = "F1 Data";
			productReference = 88A9C0182B1B3F5A005FE035 /* F1 Data.app */;
			productType = "com.apple.product-type.application";
		};
		88A9C02D2B1B3F64005FE035 /* F1 DataTests */ = {
			isa = PBXNativeTarget;
			buildConfigurationList = 88A9C0452B1B3F64005FE035 /* Build configuration list for PBXNativeTarget "F1 DataTests" */;
			buildPhases = (
				88A9C02A2B1B3F64005FE035 /* Sources */,
				88A9C02B2B1B3F64005FE035 /* Frameworks */,
				88A9C02C2B1B3F64005FE035 /* Resources */,
			);
			buildRules = (
			);
			dependencies = (
				88A9C0302B1B3F64005FE035 /* PBXTargetDependency */,
			);
			name = "F1 DataTests";
			productName = "F1 DataTests";
			productReference = 88A9C02E2B1B3F64005FE035 /* F1 DataTests.xctest */;
			productType = "com.apple.product-type.bundle.unit-test";
		};
/* End PBXNativeTarget section */

/* Begin PBXProject section */
		88A9C0102B1B3F59005FE035 /* Project object */ = {
			isa = PBXProject;
			attributes = {
				BuildIndependentTargetsInParallel = 1;
				LastSwiftUpdateCheck = 1430;
				LastUpgradeCheck = 1430;
				TargetAttributes = {
					88A9C0172B1B3F5A005FE035 = {
						CreatedOnToolsVersion = 14.3;
					};
					88A9C02D2B1B3F64005FE035 = {
						CreatedOnToolsVersion = 14.3;
						TestTargetID = 88A9C0172B1B3F5A005FE035;
					};
				};
			};
			buildConfigurationList = 88A9C0132B1B3F59005FE035 /* Build configuration list for PBXProject "F1 Data" */;
			compatibilityVersion = "Xcode 14.0";
			developmentRegion = en;
			hasScannedForEncodings = 0;
			knownRegions = (
				en,
				Base,
			);
			mainGroup = 88A9C00F2B1B3F59005FE035;
			packageReferences = (
				88A9C04B2B1B3FC1005FE035 /* XCRemoteSwiftPackageReference "Cartography" */,
				88A9C04E2B1B3FE5005FE035 /* XCRemoteSwiftPackageReference "Alamofire" */,
			);
			productRefGroup = 88A9C0192B1B3F5A005FE035 /* Products */;
			projectDirPath = "";
			projectRoot = "";
			targets = (
				88A9C0172B1B3F5A005FE035 /* F1 Data */,
				88A9C02D2B1B3F64005FE035 /* F1 DataTests */,
			);
		};
/* End PBXProject section */

/* Begin PBXResourcesBuildPhase section */
		88A9C0162B1B3F5A005FE035 /* Resources */ = {
			isa = PBXResourcesBuildPhase;
			buildActionMask = 2147483647;
			files = (
				88A9C0EC2B1B60AB005FE035 /* RaceResultsLocalizable.strings in Resources */,
				88A9C0282B1B3F63005FE035 /* LaunchScreen.storyboard in Resources */,
				88A9C0D22B1B597E005FE035 /* Assets.xcassets in Resources */,
				88A9C0D72B1B5A55005FE035 /* Main.xcassets in Resources */,
				88A9C0C92B1B5858005FE035 /* SeasonRacesListingLocalizable.strings in Resources */,
			);
			runOnlyForDeploymentPostprocessing = 0;
		};
		88A9C02C2B1B3F64005FE035 /* Resources */ = {
			isa = PBXResourcesBuildPhase;
			buildActionMask = 2147483647;
			files = (
			);
			runOnlyForDeploymentPostprocessing = 0;
		};
/* End PBXResourcesBuildPhase section */

/* Begin PBXSourcesBuildPhase section */
		88A9C0142B1B3F5A005FE035 /* Sources */ = {
			isa = PBXSourcesBuildPhase;
			buildActionMask = 2147483647;
			files = (
				88A9C0E62B1B5F7C005FE035 /* RaceResultsRouter.swift in Sources */,
				88A9C01C2B1B3F5A005FE035 /* AppDelegate.swift in Sources */,
				88A9C0E42B1B5F7C005FE035 /* RaceResultsTableViewCell.swift in Sources */,
				88A9C0C62B1B5717005FE035 /* DependenciesHandler.swift in Sources */,
				88A9C0C42B1B551D005FE035 /* UIStackView+Extensions.swift in Sources */,
				88A9C0AD2B1B4BB6005FE035 /* SeasonAPI.swift in Sources */,
				88A9C0B72B1B4F0B005FE035 /* UIViewController+LoadingDisplayable.swift in Sources */,
				88A9C0AA2B1B4B29005FE035 /* NetworkingRequest.swift in Sources */,
				88A9C0A82B1B48B2005FE035 /* Networking.swift in Sources */,
				88A9C0B92B1B5080005FE035 /* ViewCodeProtocol.swift in Sources */,
				88A9C0A02B1B46F4005FE035 /* LabelComponent.swift in Sources */,
				88A9C0AF2B1B4BD9005FE035 /* NetworkingConfiguration.swift in Sources */,
				88A9C0A32B1B471E005FE035 /* Typography.swift in Sources */,
				88A9C0552B1B403F005FE035 /* SeasonRacesListingViewModel.swift in Sources */,
				88A9C0E12B1B5F7C005FE035 /* RaceResultsComponent.swift in Sources */,
				88A9C0FA2B1B655F005FE035 /* Driver.swift in Sources */,
				88A9C01E2B1B3F5A005FE035 /* SceneDelegate.swift in Sources */,
				88A9C0D92B1B5C55005FE035 /* SeasonRacesListingRouter.swift in Sources */,
				88A9C0F82B1B6551005FE035 /* RaceResult.swift in Sources */,
				88A9C0C02B1B5233005FE035 /* SeasonRaceTableViewCell.swift in Sources */,
				88A9C0572B1B4046005FE035 /* SeasonRacesListingComponent.swift in Sources */,
				88A9C0E22B1B5F7C005FE035 /* RaceResultsViewModel.swift in Sources */,
				88A9C0B22B1B4C3D005FE035 /* SeasonInfo.swift in Sources */,
				88A9C1082B1B7463005FE035 /* UIViewController+ErrorDisplayable.swift in Sources */,
				88A9C0C22B1B52F5005FE035 /* Spacing.swift in Sources */,
				88A9C0B42B1B4DCC005FE035 /* SeasonRequests.swift in Sources */,
				88A9C0532B1B4037005FE035 /* SeasonRacesListingViewController.swift in Sources */,
				88A9C0E32B1B5F7C005FE035 /* RaceResultsViewController.swift in Sources */,
				88A9C0F22B1B6156005FE035 /* SeasonRacesListingStrings+Generated.swift in Sources */,
				88A9C0E52B1B5F7C005FE035 /* RaceResultsFeature.swift in Sources */,
				88A9C0D52B1B5A2A005FE035 /* XCAssets+Generated.swift in Sources */,
				88A9C1172B1B79C7005FE035 /* Race.swift in Sources */,
				88A9C0BE2B1B51FC005FE035 /* UITableView+Extensions.swift in Sources */,
				88A9C1142B1B7853005FE035 /* LoadingComponent.swift in Sources */,
				88A9C09C2B1B4536005FE035 /* SeasonRacesListingFeature.swift in Sources */,
				88A9C0A52B1B47B0005FE035 /* Color.swift in Sources */,
				88A9C0F42B1B618F005FE035 /* RaceResultsStrings+Generated.swift in Sources */,
				88A9C0BC2B1B5169005FE035 /* Collection+Extensions.swift in Sources */,
				88A9C0F62B1B6548005FE035 /* Circuit.swift in Sources */,
			);
			runOnlyForDeploymentPostprocessing = 0;
		};
		88A9C02A2B1B3F64005FE035 /* Sources */ = {
			isa = PBXSourcesBuildPhase;
			buildActionMask = 2147483647;
			files = (
				88A9C1102B1B7594005FE035 /* SeasonRacesListingRouterInterfaceSpy.swift in Sources */,
				88A9C10A2B1B74B0005FE035 /* ErrorDisplayableSpy.swift in Sources */,
				88A9C10E2B1B7582005FE035 /* SeasonRacesListingComponentInterfaceSpy.swift in Sources */,
				88A9C1032B1B7355005FE035 /* LoadingDisplayableSpy.swift in Sources */,
				88A9C1012B1B72DD005FE035 /* SeasonRacesListingViewModelDelegateSpy.swift in Sources */,
				88A9C1062B1B7389005FE035 /* SeasonInfo+Fixture.swift in Sources */,
				88A9C0FD2B1B7161005FE035 /* SeasonAPIInterfaceSpy.swift in Sources */,
				88A9C0332B1B3F64005FE035 /* SeasonRacesListingViewModelTests.swift in Sources */,
				88A9C1122B1B759B005FE035 /* SeasonRacesListingViewModelInterfaceSpy.swift in Sources */,
				88A9C10C2B1B7552005FE035 /* SeasonRacesListingViewControllerTests.swift in Sources */,
			);
			runOnlyForDeploymentPostprocessing = 0;
		};
/* End PBXSourcesBuildPhase section */

/* Begin PBXTargetDependency section */
		88A9C0302B1B3F64005FE035 /* PBXTargetDependency */ = {
			isa = PBXTargetDependency;
			target = 88A9C0172B1B3F5A005FE035 /* F1 Data */;
			targetProxy = 88A9C02F2B1B3F64005FE035 /* PBXContainerItemProxy */;
		};
/* End PBXTargetDependency section */

/* Begin PBXVariantGroup section */
		88A9C0262B1B3F63005FE035 /* LaunchScreen.storyboard */ = {
			isa = PBXVariantGroup;
			children = (
				88A9C0272B1B3F63005FE035 /* Base */,
			);
			name = LaunchScreen.storyboard;
			sourceTree = "<group>";
		};
/* End PBXVariantGroup section */

/* Begin XCBuildConfiguration section */
		88A9C0402B1B3F64005FE035 /* Debug */ = {
			isa = XCBuildConfiguration;
			buildSettings = {
				ALWAYS_SEARCH_USER_PATHS = NO;
				CLANG_ANALYZER_NONNULL = YES;
				CLANG_ANALYZER_NUMBER_OBJECT_CONVERSION = YES_AGGRESSIVE;
				CLANG_CXX_LANGUAGE_STANDARD = "gnu++20";
				CLANG_ENABLE_MODULES = YES;
				CLANG_ENABLE_OBJC_ARC = YES;
				CLANG_ENABLE_OBJC_WEAK = YES;
				CLANG_WARN_BLOCK_CAPTURE_AUTORELEASING = YES;
				CLANG_WARN_BOOL_CONVERSION = YES;
				CLANG_WARN_COMMA = YES;
				CLANG_WARN_CONSTANT_CONVERSION = YES;
				CLANG_WARN_DEPRECATED_OBJC_IMPLEMENTATIONS = YES;
				CLANG_WARN_DIRECT_OBJC_ISA_USAGE = YES_ERROR;
				CLANG_WARN_DOCUMENTATION_COMMENTS = YES;
				CLANG_WARN_EMPTY_BODY = YES;
				CLANG_WARN_ENUM_CONVERSION = YES;
				CLANG_WARN_INFINITE_RECURSION = YES;
				CLANG_WARN_INT_CONVERSION = YES;
				CLANG_WARN_NON_LITERAL_NULL_CONVERSION = YES;
				CLANG_WARN_OBJC_IMPLICIT_RETAIN_SELF = YES;
				CLANG_WARN_OBJC_LITERAL_CONVERSION = YES;
				CLANG_WARN_OBJC_ROOT_CLASS = YES_ERROR;
				CLANG_WARN_QUOTED_INCLUDE_IN_FRAMEWORK_HEADER = YES;
				CLANG_WARN_RANGE_LOOP_ANALYSIS = YES;
				CLANG_WARN_STRICT_PROTOTYPES = YES;
				CLANG_WARN_SUSPICIOUS_MOVE = YES;
				CLANG_WARN_UNGUARDED_AVAILABILITY = YES_AGGRESSIVE;
				CLANG_WARN_UNREACHABLE_CODE = YES;
				CLANG_WARN__DUPLICATE_METHOD_MATCH = YES;
				COPY_PHASE_STRIP = NO;
				DEBUG_INFORMATION_FORMAT = dwarf;
				ENABLE_STRICT_OBJC_MSGSEND = YES;
				ENABLE_TESTABILITY = YES;
				GCC_C_LANGUAGE_STANDARD = gnu11;
				GCC_DYNAMIC_NO_PIC = NO;
				GCC_NO_COMMON_BLOCKS = YES;
				GCC_OPTIMIZATION_LEVEL = 0;
				GCC_PREPROCESSOR_DEFINITIONS = (
					"DEBUG=1",
					"$(inherited)",
				);
				GCC_WARN_64_TO_32_BIT_CONVERSION = YES;
				GCC_WARN_ABOUT_RETURN_TYPE = YES_ERROR;
				GCC_WARN_UNDECLARED_SELECTOR = YES;
				GCC_WARN_UNINITIALIZED_AUTOS = YES_AGGRESSIVE;
				GCC_WARN_UNUSED_FUNCTION = YES;
				GCC_WARN_UNUSED_VARIABLE = YES;
				IPHONEOS_DEPLOYMENT_TARGET = 16.4;
				MTL_ENABLE_DEBUG_INFO = INCLUDE_SOURCE;
				MTL_FAST_MATH = YES;
				ONLY_ACTIVE_ARCH = YES;
				SDKROOT = iphoneos;
				SWIFT_ACTIVE_COMPILATION_CONDITIONS = DEBUG;
				SWIFT_OPTIMIZATION_LEVEL = "-Onone";
			};
			name = Debug;
		};
		88A9C0412B1B3F64005FE035 /* Release */ = {
			isa = XCBuildConfiguration;
			buildSettings = {
				ALWAYS_SEARCH_USER_PATHS = NO;
				CLANG_ANALYZER_NONNULL = YES;
				CLANG_ANALYZER_NUMBER_OBJECT_CONVERSION = YES_AGGRESSIVE;
				CLANG_CXX_LANGUAGE_STANDARD = "gnu++20";
				CLANG_ENABLE_MODULES = YES;
				CLANG_ENABLE_OBJC_ARC = YES;
				CLANG_ENABLE_OBJC_WEAK = YES;
				CLANG_WARN_BLOCK_CAPTURE_AUTORELEASING = YES;
				CLANG_WARN_BOOL_CONVERSION = YES;
				CLANG_WARN_COMMA = YES;
				CLANG_WARN_CONSTANT_CONVERSION = YES;
				CLANG_WARN_DEPRECATED_OBJC_IMPLEMENTATIONS = YES;
				CLANG_WARN_DIRECT_OBJC_ISA_USAGE = YES_ERROR;
				CLANG_WARN_DOCUMENTATION_COMMENTS = YES;
				CLANG_WARN_EMPTY_BODY = YES;
				CLANG_WARN_ENUM_CONVERSION = YES;
				CLANG_WARN_INFINITE_RECURSION = YES;
				CLANG_WARN_INT_CONVERSION = YES;
				CLANG_WARN_NON_LITERAL_NULL_CONVERSION = YES;
				CLANG_WARN_OBJC_IMPLICIT_RETAIN_SELF = YES;
				CLANG_WARN_OBJC_LITERAL_CONVERSION = YES;
				CLANG_WARN_OBJC_ROOT_CLASS = YES_ERROR;
				CLANG_WARN_QUOTED_INCLUDE_IN_FRAMEWORK_HEADER = YES;
				CLANG_WARN_RANGE_LOOP_ANALYSIS = YES;
				CLANG_WARN_STRICT_PROTOTYPES = YES;
				CLANG_WARN_SUSPICIOUS_MOVE = YES;
				CLANG_WARN_UNGUARDED_AVAILABILITY = YES_AGGRESSIVE;
				CLANG_WARN_UNREACHABLE_CODE = YES;
				CLANG_WARN__DUPLICATE_METHOD_MATCH = YES;
				COPY_PHASE_STRIP = NO;
				DEBUG_INFORMATION_FORMAT = "dwarf-with-dsym";
				ENABLE_NS_ASSERTIONS = NO;
				ENABLE_STRICT_OBJC_MSGSEND = YES;
				GCC_C_LANGUAGE_STANDARD = gnu11;
				GCC_NO_COMMON_BLOCKS = YES;
				GCC_WARN_64_TO_32_BIT_CONVERSION = YES;
				GCC_WARN_ABOUT_RETURN_TYPE = YES_ERROR;
				GCC_WARN_UNDECLARED_SELECTOR = YES;
				GCC_WARN_UNINITIALIZED_AUTOS = YES_AGGRESSIVE;
				GCC_WARN_UNUSED_FUNCTION = YES;
				GCC_WARN_UNUSED_VARIABLE = YES;
				IPHONEOS_DEPLOYMENT_TARGET = 16.4;
				MTL_ENABLE_DEBUG_INFO = NO;
				MTL_FAST_MATH = YES;
				SDKROOT = iphoneos;
				SWIFT_COMPILATION_MODE = wholemodule;
				SWIFT_OPTIMIZATION_LEVEL = "-O";
				VALIDATE_PRODUCT = YES;
			};
			name = Release;
		};
		88A9C0432B1B3F64005FE035 /* Debug */ = {
			isa = XCBuildConfiguration;
			buildSettings = {
				ASSETCATALOG_COMPILER_APPICON_NAME = AppIcon;
				ASSETCATALOG_COMPILER_GLOBAL_ACCENT_COLOR_NAME = AccentColor;
				CODE_SIGN_STYLE = Automatic;
				CURRENT_PROJECT_VERSION = 1;
				GENERATE_INFOPLIST_FILE = YES;
				INFOPLIST_FILE = "F1 Data/F1 Data/Info.plist";
				INFOPLIST_KEY_UIApplicationSupportsIndirectInputEvents = YES;
				INFOPLIST_KEY_UILaunchStoryboardName = LaunchScreen;
				INFOPLIST_KEY_UISupportedInterfaceOrientations_iPad = "UIInterfaceOrientationPortrait UIInterfaceOrientationPortraitUpsideDown UIInterfaceOrientationLandscapeLeft UIInterfaceOrientationLandscapeRight";
				INFOPLIST_KEY_UISupportedInterfaceOrientations_iPhone = "UIInterfaceOrientationPortrait UIInterfaceOrientationLandscapeLeft UIInterfaceOrientationLandscapeRight";
				LD_RUNPATH_SEARCH_PATHS = (
					"$(inherited)",
					"@executable_path/Frameworks",
				);
				MARKETING_VERSION = 1.0;
				PRODUCT_BUNDLE_IDENTIFIER = "com.ericlabaci.F1-Data";
				PRODUCT_NAME = "$(TARGET_NAME)";
				SWIFT_EMIT_LOC_STRINGS = YES;
				SWIFT_VERSION = 5.0;
				TARGETED_DEVICE_FAMILY = "1,2";
			};
			name = Debug;
		};
		88A9C0442B1B3F64005FE035 /* Release */ = {
			isa = XCBuildConfiguration;
			buildSettings = {
				ASSETCATALOG_COMPILER_APPICON_NAME = AppIcon;
				ASSETCATALOG_COMPILER_GLOBAL_ACCENT_COLOR_NAME = AccentColor;
				CODE_SIGN_STYLE = Automatic;
				CURRENT_PROJECT_VERSION = 1;
				GENERATE_INFOPLIST_FILE = YES;
				INFOPLIST_FILE = "F1 Data/F1 Data/Info.plist";
				INFOPLIST_KEY_UIApplicationSupportsIndirectInputEvents = YES;
				INFOPLIST_KEY_UILaunchStoryboardName = LaunchScreen;
				INFOPLIST_KEY_UISupportedInterfaceOrientations_iPad = "UIInterfaceOrientationPortrait UIInterfaceOrientationPortraitUpsideDown UIInterfaceOrientationLandscapeLeft UIInterfaceOrientationLandscapeRight";
				INFOPLIST_KEY_UISupportedInterfaceOrientations_iPhone = "UIInterfaceOrientationPortrait UIInterfaceOrientationLandscapeLeft UIInterfaceOrientationLandscapeRight";
				LD_RUNPATH_SEARCH_PATHS = (
					"$(inherited)",
					"@executable_path/Frameworks",
				);
				MARKETING_VERSION = 1.0;
				PRODUCT_BUNDLE_IDENTIFIER = "com.ericlabaci.F1-Data";
				PRODUCT_NAME = "$(TARGET_NAME)";
				SWIFT_EMIT_LOC_STRINGS = YES;
				SWIFT_VERSION = 5.0;
				TARGETED_DEVICE_FAMILY = "1,2";
			};
			name = Release;
		};
		88A9C0462B1B3F64005FE035 /* Debug */ = {
			isa = XCBuildConfiguration;
			buildSettings = {
				ALWAYS_EMBED_SWIFT_STANDARD_LIBRARIES = YES;
				BUNDLE_LOADER = "$(TEST_HOST)";
				CODE_SIGN_STYLE = Automatic;
				CURRENT_PROJECT_VERSION = 1;
				GENERATE_INFOPLIST_FILE = YES;
				IPHONEOS_DEPLOYMENT_TARGET = 16.4;
				MARKETING_VERSION = 1.0;
				PRODUCT_BUNDLE_IDENTIFIER = "com.ericlabaci.F1-DataTests";
				PRODUCT_NAME = "$(TARGET_NAME)";
				SWIFT_EMIT_LOC_STRINGS = NO;
				SWIFT_VERSION = 5.0;
				TARGETED_DEVICE_FAMILY = "1,2";
				TEST_HOST = "$(BUILT_PRODUCTS_DIR)/F1 Data.app/$(BUNDLE_EXECUTABLE_FOLDER_PATH)/F1 Data";
			};
			name = Debug;
		};
		88A9C0472B1B3F64005FE035 /* Release */ = {
			isa = XCBuildConfiguration;
			buildSettings = {
				ALWAYS_EMBED_SWIFT_STANDARD_LIBRARIES = YES;
				BUNDLE_LOADER = "$(TEST_HOST)";
				CODE_SIGN_STYLE = Automatic;
				CURRENT_PROJECT_VERSION = 1;
				GENERATE_INFOPLIST_FILE = YES;
				IPHONEOS_DEPLOYMENT_TARGET = 16.4;
				MARKETING_VERSION = 1.0;
				PRODUCT_BUNDLE_IDENTIFIER = "com.ericlabaci.F1-DataTests";
				PRODUCT_NAME = "$(TARGET_NAME)";
				SWIFT_EMIT_LOC_STRINGS = NO;
				SWIFT_VERSION = 5.0;
				TARGETED_DEVICE_FAMILY = "1,2";
				TEST_HOST = "$(BUILT_PRODUCTS_DIR)/F1 Data.app/$(BUNDLE_EXECUTABLE_FOLDER_PATH)/F1 Data";
			};
			name = Release;
		};
/* End XCBuildConfiguration section */

/* Begin XCConfigurationList section */
		88A9C0132B1B3F59005FE035 /* Build configuration list for PBXProject "F1 Data" */ = {
			isa = XCConfigurationList;
			buildConfigurations = (
				88A9C0402B1B3F64005FE035 /* Debug */,
				88A9C0412B1B3F64005FE035 /* Release */,
			);
			defaultConfigurationIsVisible = 0;
			defaultConfigurationName = Release;
		};
		88A9C0422B1B3F64005FE035 /* Build configuration list for PBXNativeTarget "F1 Data" */ = {
			isa = XCConfigurationList;
			buildConfigurations = (
				88A9C0432B1B3F64005FE035 /* Debug */,
				88A9C0442B1B3F64005FE035 /* Release */,
			);
			defaultConfigurationIsVisible = 0;
			defaultConfigurationName = Release;
		};
		88A9C0452B1B3F64005FE035 /* Build configuration list for PBXNativeTarget "F1 DataTests" */ = {
			isa = XCConfigurationList;
			buildConfigurations = (
				88A9C0462B1B3F64005FE035 /* Debug */,
				88A9C0472B1B3F64005FE035 /* Release */,
			);
			defaultConfigurationIsVisible = 0;
			defaultConfigurationName = Release;
		};
/* End XCConfigurationList section */

/* Begin XCRemoteSwiftPackageReference section */
		88A9C04B2B1B3FC1005FE035 /* XCRemoteSwiftPackageReference "Cartography" */ = {
			isa = XCRemoteSwiftPackageReference;
			repositoryURL = "https://github.com/robb/Cartography.git";
			requirement = {
				kind = exactVersion;
				version = 4.0.0;
			};
		};
		88A9C04E2B1B3FE5005FE035 /* XCRemoteSwiftPackageReference "Alamofire" */ = {
			isa = XCRemoteSwiftPackageReference;
			repositoryURL = "https://github.com/Alamofire/Alamofire";
			requirement = {
				kind = exactVersion;
				version = 5.8.1;
			};
		};
/* End XCRemoteSwiftPackageReference section */

/* Begin XCSwiftPackageProductDependency section */
		88A9C04C2B1B3FC1005FE035 /* Cartography */ = {
			isa = XCSwiftPackageProductDependency;
			package = 88A9C04B2B1B3FC1005FE035 /* XCRemoteSwiftPackageReference "Cartography" */;
			productName = Cartography;
		};
		88A9C04F2B1B3FE5005FE035 /* Alamofire */ = {
			isa = XCSwiftPackageProductDependency;
			package = 88A9C04E2B1B3FE5005FE035 /* XCRemoteSwiftPackageReference "Alamofire" */;
			productName = Alamofire;
		};
/* End XCSwiftPackageProductDependency section */
	};
	rootObject = 88A9C0102B1B3F59005FE035 /* Project object */;
}
